// !$*UTF8*$!
{
	archiveVersion = 1;
	classes = {
	};
	objectVersion = 46;
	objects = {

/* Begin PBXBuildFile section */
		131F91561922946300DB0E37 /* AgendaViewController.m in Sources */ = {isa = PBXBuildFile; fileRef = 131F91551922946300DB0E37 /* AgendaViewController.m */; };
		131F917719229A1900DB0E37 /* DSLCalendarDayCalloutView.m in Sources */ = {isa = PBXBuildFile; fileRef = 131F915919229A1900DB0E37 /* DSLCalendarDayCalloutView.m */; };
		131F917819229A1900DB0E37 /* DSLCalendarDayCalloutView.xib in Resources */ = {isa = PBXBuildFile; fileRef = 131F915A19229A1900DB0E37 /* DSLCalendarDayCalloutView.xib */; };
		131F917919229A1900DB0E37 /* DSLCalendarDayView.m in Sources */ = {isa = PBXBuildFile; fileRef = 131F915C19229A1900DB0E37 /* DSLCalendarDayView.m */; };
		131F917A19229A1900DB0E37 /* DSLCalendarMonthSelectorView.m in Sources */ = {isa = PBXBuildFile; fileRef = 131F915E19229A1900DB0E37 /* DSLCalendarMonthSelectorView.m */; };
		131F917B19229A1900DB0E37 /* DSLCalendarMonthSelectorView.xib in Resources */ = {isa = PBXBuildFile; fileRef = 131F915F19229A1900DB0E37 /* DSLCalendarMonthSelectorView.xib */; };
		131F917C19229A1900DB0E37 /* DSLCalendarMonthView.m in Sources */ = {isa = PBXBuildFile; fileRef = 131F916119229A1900DB0E37 /* DSLCalendarMonthView.m */; };
		131F917D19229A1900DB0E37 /* DSLCalendarRange.m in Sources */ = {isa = PBXBuildFile; fileRef = 131F916319229A1900DB0E37 /* DSLCalendarRange.m */; };
		131F917E19229A1900DB0E37 /* DSLCalendarView.m in Sources */ = {isa = PBXBuildFile; fileRef = 131F916519229A1900DB0E37 /* DSLCalendarView.m */; };
		131F917F19229A1900DB0E37 /* DSLCalendar-nextMonth.png in Resources */ = {isa = PBXBuildFile; fileRef = 131F916719229A1900DB0E37 /* DSLCalendar-nextMonth.png */; };
		131F918019229A1900DB0E37 /* DSLCalendar-nextMonth@2x.png in Resources */ = {isa = PBXBuildFile; fileRef = 131F916819229A1900DB0E37 /* DSLCalendar-nextMonth@2x.png */; };
		131F918119229A1900DB0E37 /* DSLCalendar-previousMonth.png in Resources */ = {isa = PBXBuildFile; fileRef = 131F916919229A1900DB0E37 /* DSLCalendar-previousMonth.png */; };
		131F918219229A1900DB0E37 /* DSLCalendar-previousMonth@2x.png in Resources */ = {isa = PBXBuildFile; fileRef = 131F916A19229A1900DB0E37 /* DSLCalendar-previousMonth@2x.png */; };
		131F918319229A1900DB0E37 /* DSLCalendarDayCallout.png in Resources */ = {isa = PBXBuildFile; fileRef = 131F916B19229A1900DB0E37 /* DSLCalendarDayCallout.png */; };
		131F918419229A1900DB0E37 /* DSLCalendarDayCallout@2x.png in Resources */ = {isa = PBXBuildFile; fileRef = 131F916C19229A1900DB0E37 /* DSLCalendarDayCallout@2x.png */; };
		131F918519229A1900DB0E37 /* DSLCalendarDaySelection-left.png in Resources */ = {isa = PBXBuildFile; fileRef = 131F916D19229A1900DB0E37 /* DSLCalendarDaySelection-left.png */; };
		131F918619229A1900DB0E37 /* DSLCalendarDaySelection-left@2x.png in Resources */ = {isa = PBXBuildFile; fileRef = 131F916E19229A1900DB0E37 /* DSLCalendarDaySelection-left@2x.png */; };
		131F918719229A1900DB0E37 /* DSLCalendarDaySelection-middle.png in Resources */ = {isa = PBXBuildFile; fileRef = 131F916F19229A1900DB0E37 /* DSLCalendarDaySelection-middle.png */; };
		131F918819229A1900DB0E37 /* DSLCalendarDaySelection-middle@2x.png in Resources */ = {isa = PBXBuildFile; fileRef = 131F917019229A1900DB0E37 /* DSLCalendarDaySelection-middle@2x.png */; };
		131F918919229A1900DB0E37 /* DSLCalendarDaySelection-right.png in Resources */ = {isa = PBXBuildFile; fileRef = 131F917119229A1900DB0E37 /* DSLCalendarDaySelection-right.png */; };
		131F918A19229A1900DB0E37 /* DSLCalendarDaySelection-right@2x.png in Resources */ = {isa = PBXBuildFile; fileRef = 131F917219229A1900DB0E37 /* DSLCalendarDaySelection-right@2x.png */; };
		131F918B19229A1900DB0E37 /* DSLCalendarDaySelection.png in Resources */ = {isa = PBXBuildFile; fileRef = 131F917319229A1900DB0E37 /* DSLCalendarDaySelection.png */; };
		131F918C19229A1900DB0E37 /* DSLCalendarDaySelection@2x.png in Resources */ = {isa = PBXBuildFile; fileRef = 131F917419229A1900DB0E37 /* DSLCalendarDaySelection@2x.png */; };
		131F918D19229A1900DB0E37 /* NSDate+DSLCalendarView.m in Sources */ = {isa = PBXBuildFile; fileRef = 131F917619229A1900DB0E37 /* NSDate+DSLCalendarView.m */; };
		1B297A2A191BDB1E00C10129 /* ajaxtraining.db in Resources */ = {isa = PBXBuildFile; fileRef = 1B297A29191BDB1E00C10129 /* ajaxtraining.db */; };
		1BC0D84918F835B300789C6C /* Foundation.framework in Frameworks */ = {isa = PBXBuildFile; fileRef = 1BC0D84818F835B300789C6C /* Foundation.framework */; };
		1BC0D84B18F835B300789C6C /* CoreGraphics.framework in Frameworks */ = {isa = PBXBuildFile; fileRef = 1BC0D84A18F835B300789C6C /* CoreGraphics.framework */; };
		1BC0D84D18F835B300789C6C /* UIKit.framework in Frameworks */ = {isa = PBXBuildFile; fileRef = 1BC0D84C18F835B300789C6C /* UIKit.framework */; };
		1BC0D85318F835B300789C6C /* InfoPlist.strings in Resources */ = {isa = PBXBuildFile; fileRef = 1BC0D85118F835B300789C6C /* InfoPlist.strings */; };
		1BC0D85518F835B300789C6C /* main.m in Sources */ = {isa = PBXBuildFile; fileRef = 1BC0D85418F835B300789C6C /* main.m */; };
		1BC0D85918F835B300789C6C /* AppDelegate.m in Sources */ = {isa = PBXBuildFile; fileRef = 1BC0D85818F835B300789C6C /* AppDelegate.m */; };
		1BC0D85C18F835B300789C6C /* Main.storyboard in Resources */ = {isa = PBXBuildFile; fileRef = 1BC0D85A18F835B300789C6C /* Main.storyboard */; };
		1BC0D85F18F835B300789C6C /* LoginViewController.m in Sources */ = {isa = PBXBuildFile; fileRef = 1BC0D85E18F835B300789C6C /* LoginViewController.m */; };
		1BC0D86118F835B300789C6C /* Images.xcassets in Resources */ = {isa = PBXBuildFile; fileRef = 1BC0D86018F835B300789C6C /* Images.xcassets */; };
		1BC0D86818F835B300789C6C /* XCTest.framework in Frameworks */ = {isa = PBXBuildFile; fileRef = 1BC0D86718F835B300789C6C /* XCTest.framework */; };
		1BC0D86918F835B300789C6C /* Foundation.framework in Frameworks */ = {isa = PBXBuildFile; fileRef = 1BC0D84818F835B300789C6C /* Foundation.framework */; };
		1BC0D86A18F835B300789C6C /* UIKit.framework in Frameworks */ = {isa = PBXBuildFile; fileRef = 1BC0D84C18F835B300789C6C /* UIKit.framework */; };
		1BC0D87218F835B300789C6C /* InfoPlist.strings in Resources */ = {isa = PBXBuildFile; fileRef = 1BC0D87018F835B300789C6C /* InfoPlist.strings */; };
		1BC0D87418F835B300789C6C /* AjaxAgendaAppTests.m in Sources */ = {isa = PBXBuildFile; fileRef = 1BC0D87318F835B300789C6C /* AjaxAgendaAppTests.m */; };
		1BE3D266191A554B00A024DB /* libsqlite3.dylib in Frameworks */ = {isa = PBXBuildFile; fileRef = 1BE3D265191A554B00A024DB /* libsqlite3.dylib */; };
		D42741ED1920ECFB00A7582F /* tempSelectedButton.png in Resources */ = {isa = PBXBuildFile; fileRef = D42741EC1920ECFB00A7582F /* tempSelectedButton.png */; };
		D42856D41902CFB300077467 /* SelectPlayersViewController.m in Sources */ = {isa = PBXBuildFile; fileRef = D42856D31902CFB300077467 /* SelectPlayersViewController.m */; };
		D42856D71902EA8200077467 /* Player.m in Sources */ = {isa = PBXBuildFile; fileRef = D42856D61902EA8200077467 /* Player.m */; };
		D42856DD1902EC4E00077467 /* Team.m in Sources */ = {isa = PBXBuildFile; fileRef = D42856DC1902EC4E00077467 /* Team.m */; };
		D47D36961920C3C6001BBDBC /* TrainingSoortViewController.m in Sources */ = {isa = PBXBuildFile; fileRef = D47D36951920C3C6001BBDBC /* TrainingSoortViewController.m */; };
		D47D36A81920D2A3001BBDBC /* afwerken.png in Resources */ = {isa = PBXBuildFile; fileRef = D47D369B1920D2A3001BBDBC /* afwerken.png */; };
		D47D36A91920D2A3001BBDBC /* anders.png in Resources */ = {isa = PBXBuildFile; fileRef = D47D369C1920D2A3001BBDBC /* anders.png */; };
		D47D36AA1920D2A3001BBDBC /* cornertrap.png in Resources */ = {isa = PBXBuildFile; fileRef = D47D369D1920D2A3001BBDBC /* cornertrap.png */; };
		D47D36AB1920D2A3001BBDBC /* ingooien.png in Resources */ = {isa = PBXBuildFile; fileRef = D47D369E1920D2A3001BBDBC /* ingooien.png */; };
		D47D36AC1920D2A3001BBDBC /* kaatsen.png in Resources */ = {isa = PBXBuildFile; fileRef = D47D369F1920D2A3001BBDBC /* kaatsen.png */; };
		D47D36AD1920D2A3001BBDBC /* koppen.png in Resources */ = {isa = PBXBuildFile; fileRef = D47D36A01920D2A3001BBDBC /* koppen.png */; };
		D47D36AE1920D2A3001BBDBC /* partijspel.png in Resources */ = {isa = PBXBuildFile; fileRef = D47D36A11920D2A3001BBDBC /* partijspel.png */; };
		D47D36AF1920D2A3001BBDBC /* positiespel.png in Resources */ = {isa = PBXBuildFile; fileRef = D47D36A21920D2A3001BBDBC /* positiespel.png */; };
		D47D36B01920D2A3001BBDBC /* rondo.png in Resources */ = {isa = PBXBuildFile; fileRef = D47D36A31920D2A3001BBDBC /* rondo.png */; };
		D47D36B11920D2A3001BBDBC /* uitloop.png in Resources */ = {isa = PBXBuildFile; fileRef = D47D36A41920D2A3001BBDBC /* uitloop.png */; };
		D47D36B21920D2A3001BBDBC /* vs.png in Resources */ = {isa = PBXBuildFile; fileRef = D47D36A51920D2A3001BBDBC /* vs.png */; };
		D47D36B31920D2A3001BBDBC /* warming up.png in Resources */ = {isa = PBXBuildFile; fileRef = D47D36A61920D2A3001BBDBC /* warming up.png */; };
		D487280D18FB28E4005CD739 /* TrainingInfoViewController.m in Sources */ = {isa = PBXBuildFile; fileRef = D487280C18FB28E4005CD739 /* TrainingInfoViewController.m */; };
		D491866C18FA9BFB00B70233 /* MenuViewController.m in Sources */ = {isa = PBXBuildFile; fileRef = D491866B18FA9BFB00B70233 /* MenuViewController.m */; };
		D491866F18FB0D9B00B70233 /* loginScreen1136.png in Resources */ = {isa = PBXBuildFile; fileRef = D491866D18FB0D9B00B70233 /* loginScreen1136.png */; };
		D491867018FB0D9B00B70233 /* background1008.png in Resources */ = {isa = PBXBuildFile; fileRef = D491866E18FB0D9B00B70233 /* background1008.png */; };
		D4B8754F19004044009FF0C2 /* OefeningenViewController.m in Sources */ = {isa = PBXBuildFile; fileRef = D4B8754E19004044009FF0C2 /* OefeningenViewController.m */; };
		D4E3FEC7191535D400C7DFF8 /* ResultaatViewController.m in Sources */ = {isa = PBXBuildFile; fileRef = D4E3FEC6191535D400C7DFF8 /* ResultaatViewController.m */; };
/* End PBXBuildFile section */

/* Begin PBXContainerItemProxy section */
		1BC0D86B18F835B300789C6C /* PBXContainerItemProxy */ = {
			isa = PBXContainerItemProxy;
			containerPortal = 1BC0D83D18F835B300789C6C /* Project object */;
			proxyType = 1;
			remoteGlobalIDString = 1BC0D84418F835B300789C6C;
			remoteInfo = AjaxAgendaApp;
		};
/* End PBXContainerItemProxy section */

/* Begin PBXFileReference section */
		131F91541922946300DB0E37 /* AgendaViewController.h */ = {isa = PBXFileReference; fileEncoding = 4; lastKnownFileType = sourcecode.c.h; path = AgendaViewController.h; sourceTree = "<group>"; };
		131F91551922946300DB0E37 /* AgendaViewController.m */ = {isa = PBXFileReference; fileEncoding = 4; lastKnownFileType = sourcecode.c.objc; path = AgendaViewController.m; sourceTree = "<group>"; };
		131F915819229A1900DB0E37 /* DSLCalendarDayCalloutView.h */ = {isa = PBXFileReference; fileEncoding = 4; lastKnownFileType = sourcecode.c.h; path = DSLCalendarDayCalloutView.h; sourceTree = "<group>"; };
		131F915919229A1900DB0E37 /* DSLCalendarDayCalloutView.m */ = {isa = PBXFileReference; fileEncoding = 4; lastKnownFileType = sourcecode.c.objc; path = DSLCalendarDayCalloutView.m; sourceTree = "<group>"; };
		131F915A19229A1900DB0E37 /* DSLCalendarDayCalloutView.xib */ = {isa = PBXFileReference; fileEncoding = 4; lastKnownFileType = file.xib; path = DSLCalendarDayCalloutView.xib; sourceTree = "<group>"; };
		131F915B19229A1900DB0E37 /* DSLCalendarDayView.h */ = {isa = PBXFileReference; fileEncoding = 4; lastKnownFileType = sourcecode.c.h; path = DSLCalendarDayView.h; sourceTree = "<group>"; };
		131F915C19229A1900DB0E37 /* DSLCalendarDayView.m */ = {isa = PBXFileReference; fileEncoding = 4; lastKnownFileType = sourcecode.c.objc; path = DSLCalendarDayView.m; sourceTree = "<group>"; };
		131F915D19229A1900DB0E37 /* DSLCalendarMonthSelectorView.h */ = {isa = PBXFileReference; fileEncoding = 4; lastKnownFileType = sourcecode.c.h; path = DSLCalendarMonthSelectorView.h; sourceTree = "<group>"; };
		131F915E19229A1900DB0E37 /* DSLCalendarMonthSelectorView.m */ = {isa = PBXFileReference; fileEncoding = 4; lastKnownFileType = sourcecode.c.objc; path = DSLCalendarMonthSelectorView.m; sourceTree = "<group>"; };
		131F915F19229A1900DB0E37 /* DSLCalendarMonthSelectorView.xib */ = {isa = PBXFileReference; fileEncoding = 4; lastKnownFileType = file.xib; path = DSLCalendarMonthSelectorView.xib; sourceTree = "<group>"; };
		131F916019229A1900DB0E37 /* DSLCalendarMonthView.h */ = {isa = PBXFileReference; fileEncoding = 4; lastKnownFileType = sourcecode.c.h; path = DSLCalendarMonthView.h; sourceTree = "<group>"; };
		131F916119229A1900DB0E37 /* DSLCalendarMonthView.m */ = {isa = PBXFileReference; fileEncoding = 4; lastKnownFileType = sourcecode.c.objc; path = DSLCalendarMonthView.m; sourceTree = "<group>"; };
		131F916219229A1900DB0E37 /* DSLCalendarRange.h */ = {isa = PBXFileReference; fileEncoding = 4; lastKnownFileType = sourcecode.c.h; path = DSLCalendarRange.h; sourceTree = "<group>"; };
		131F916319229A1900DB0E37 /* DSLCalendarRange.m */ = {isa = PBXFileReference; fileEncoding = 4; lastKnownFileType = sourcecode.c.objc; path = DSLCalendarRange.m; sourceTree = "<group>"; };
		131F916419229A1900DB0E37 /* DSLCalendarView.h */ = {isa = PBXFileReference; fileEncoding = 4; lastKnownFileType = sourcecode.c.h; path = DSLCalendarView.h; sourceTree = "<group>"; };
		131F916519229A1900DB0E37 /* DSLCalendarView.m */ = {isa = PBXFileReference; fileEncoding = 4; lastKnownFileType = sourcecode.c.objc; path = DSLCalendarView.m; sourceTree = "<group>"; };
		131F916719229A1900DB0E37 /* DSLCalendar-nextMonth.png */ = {isa = PBXFileReference; lastKnownFileType = image.png; path = "DSLCalendar-nextMonth.png"; sourceTree = "<group>"; };
		131F916819229A1900DB0E37 /* DSLCalendar-nextMonth@2x.png */ = {isa = PBXFileReference; lastKnownFileType = image.png; path = "DSLCalendar-nextMonth@2x.png"; sourceTree = "<group>"; };
		131F916919229A1900DB0E37 /* DSLCalendar-previousMonth.png */ = {isa = PBXFileReference; lastKnownFileType = image.png; path = "DSLCalendar-previousMonth.png"; sourceTree = "<group>"; };
		131F916A19229A1900DB0E37 /* DSLCalendar-previousMonth@2x.png */ = {isa = PBXFileReference; lastKnownFileType = image.png; path = "DSLCalendar-previousMonth@2x.png"; sourceTree = "<group>"; };
		131F916B19229A1900DB0E37 /* DSLCalendarDayCallout.png */ = {isa = PBXFileReference; lastKnownFileType = image.png; path = DSLCalendarDayCallout.png; sourceTree = "<group>"; };
		131F916C19229A1900DB0E37 /* DSLCalendarDayCallout@2x.png */ = {isa = PBXFileReference; lastKnownFileType = image.png; path = "DSLCalendarDayCallout@2x.png"; sourceTree = "<group>"; };
		131F916D19229A1900DB0E37 /* DSLCalendarDaySelection-left.png */ = {isa = PBXFileReference; lastKnownFileType = image.png; path = "DSLCalendarDaySelection-left.png"; sourceTree = "<group>"; };
		131F916E19229A1900DB0E37 /* DSLCalendarDaySelection-left@2x.png */ = {isa = PBXFileReference; lastKnownFileType = image.png; path = "DSLCalendarDaySelection-left@2x.png"; sourceTree = "<group>"; };
		131F916F19229A1900DB0E37 /* DSLCalendarDaySelection-middle.png */ = {isa = PBXFileReference; lastKnownFileType = image.png; path = "DSLCalendarDaySelection-middle.png"; sourceTree = "<group>"; };
		131F917019229A1900DB0E37 /* DSLCalendarDaySelection-middle@2x.png */ = {isa = PBXFileReference; lastKnownFileType = image.png; path = "DSLCalendarDaySelection-middle@2x.png"; sourceTree = "<group>"; };
		131F917119229A1900DB0E37 /* DSLCalendarDaySelection-right.png */ = {isa = PBXFileReference; lastKnownFileType = image.png; path = "DSLCalendarDaySelection-right.png"; sourceTree = "<group>"; };
		131F917219229A1900DB0E37 /* DSLCalendarDaySelection-right@2x.png */ = {isa = PBXFileReference; lastKnownFileType = image.png; path = "DSLCalendarDaySelection-right@2x.png"; sourceTree = "<group>"; };
		131F917319229A1900DB0E37 /* DSLCalendarDaySelection.png */ = {isa = PBXFileReference; lastKnownFileType = image.png; path = DSLCalendarDaySelection.png; sourceTree = "<group>"; };
		131F917419229A1900DB0E37 /* DSLCalendarDaySelection@2x.png */ = {isa = PBXFileReference; lastKnownFileType = image.png; path = "DSLCalendarDaySelection@2x.png"; sourceTree = "<group>"; };
		131F917519229A1900DB0E37 /* NSDate+DSLCalendarView.h */ = {isa = PBXFileReference; fileEncoding = 4; lastKnownFileType = sourcecode.c.h; path = "NSDate+DSLCalendarView.h"; sourceTree = "<group>"; };
		131F917619229A1900DB0E37 /* NSDate+DSLCalendarView.m */ = {isa = PBXFileReference; fileEncoding = 4; lastKnownFileType = sourcecode.c.objc; path = "NSDate+DSLCalendarView.m"; sourceTree = "<group>"; };
		1B297A29191BDB1E00C10129 /* ajaxtraining.db */ = {isa = PBXFileReference; lastKnownFileType = file; path = ajaxtraining.db; sourceTree = "<group>"; };
		1BC0D84518F835B300789C6C /* AjaxAgendaApp.app */ = {isa = PBXFileReference; explicitFileType = wrapper.application; includeInIndex = 0; path = AjaxAgendaApp.app; sourceTree = BUILT_PRODUCTS_DIR; };
		1BC0D84818F835B300789C6C /* Foundation.framework */ = {isa = PBXFileReference; lastKnownFileType = wrapper.framework; name = Foundation.framework; path = System/Library/Frameworks/Foundation.framework; sourceTree = SDKROOT; };
		1BC0D84A18F835B300789C6C /* CoreGraphics.framework */ = {isa = PBXFileReference; lastKnownFileType = wrapper.framework; name = CoreGraphics.framework; path = System/Library/Frameworks/CoreGraphics.framework; sourceTree = SDKROOT; };
		1BC0D84C18F835B300789C6C /* UIKit.framework */ = {isa = PBXFileReference; lastKnownFileType = wrapper.framework; name = UIKit.framework; path = System/Library/Frameworks/UIKit.framework; sourceTree = SDKROOT; };
		1BC0D85018F835B300789C6C /* AjaxAgendaApp-Info.plist */ = {isa = PBXFileReference; lastKnownFileType = text.plist.xml; path = "AjaxAgendaApp-Info.plist"; sourceTree = "<group>"; };
		1BC0D85218F835B300789C6C /* en */ = {isa = PBXFileReference; lastKnownFileType = text.plist.strings; name = en; path = en.lproj/InfoPlist.strings; sourceTree = "<group>"; };
		1BC0D85418F835B300789C6C /* main.m */ = {isa = PBXFileReference; lastKnownFileType = sourcecode.c.objc; path = main.m; sourceTree = "<group>"; };
		1BC0D85618F835B300789C6C /* AjaxAgendaApp-Prefix.pch */ = {isa = PBXFileReference; lastKnownFileType = sourcecode.c.h; path = "AjaxAgendaApp-Prefix.pch"; sourceTree = "<group>"; };
		1BC0D85718F835B300789C6C /* AppDelegate.h */ = {isa = PBXFileReference; lastKnownFileType = sourcecode.c.h; path = AppDelegate.h; sourceTree = "<group>"; };
		1BC0D85818F835B300789C6C /* AppDelegate.m */ = {isa = PBXFileReference; lastKnownFileType = sourcecode.c.objc; path = AppDelegate.m; sourceTree = "<group>"; };
		1BC0D85B18F835B300789C6C /* Base */ = {isa = PBXFileReference; lastKnownFileType = file.storyboard; name = Base; path = Base.lproj/Main.storyboard; sourceTree = "<group>"; };
		1BC0D85D18F835B300789C6C /* LoginViewController.h */ = {isa = PBXFileReference; lastKnownFileType = sourcecode.c.h; path = LoginViewController.h; sourceTree = "<group>"; };
		1BC0D85E18F835B300789C6C /* LoginViewController.m */ = {isa = PBXFileReference; lastKnownFileType = sourcecode.c.objc; path = LoginViewController.m; sourceTree = "<group>"; };
		1BC0D86018F835B300789C6C /* Images.xcassets */ = {isa = PBXFileReference; lastKnownFileType = folder.assetcatalog; path = Images.xcassets; sourceTree = "<group>"; };
		1BC0D86618F835B300789C6C /* AjaxAgendaAppTests.xctest */ = {isa = PBXFileReference; explicitFileType = wrapper.cfbundle; includeInIndex = 0; path = AjaxAgendaAppTests.xctest; sourceTree = BUILT_PRODUCTS_DIR; };
		1BC0D86718F835B300789C6C /* XCTest.framework */ = {isa = PBXFileReference; lastKnownFileType = wrapper.framework; name = XCTest.framework; path = Library/Frameworks/XCTest.framework; sourceTree = DEVELOPER_DIR; };
		1BC0D86F18F835B300789C6C /* AjaxAgendaAppTests-Info.plist */ = {isa = PBXFileReference; lastKnownFileType = text.plist.xml; path = "AjaxAgendaAppTests-Info.plist"; sourceTree = "<group>"; };
		1BC0D87118F835B300789C6C /* en */ = {isa = PBXFileReference; lastKnownFileType = text.plist.strings; name = en; path = en.lproj/InfoPlist.strings; sourceTree = "<group>"; };
		1BC0D87318F835B300789C6C /* AjaxAgendaAppTests.m */ = {isa = PBXFileReference; lastKnownFileType = sourcecode.c.objc; path = AjaxAgendaAppTests.m; sourceTree = "<group>"; };
		1BE3D265191A554B00A024DB /* libsqlite3.dylib */ = {isa = PBXFileReference; lastKnownFileType = "compiled.mach-o.dylib"; name = libsqlite3.dylib; path = usr/lib/libsqlite3.dylib; sourceTree = SDKROOT; };
		D42741EC1920ECFB00A7582F /* tempSelectedButton.png */ = {isa = PBXFileReference; lastKnownFileType = image.png; path = tempSelectedButton.png; sourceTree = "<group>"; };
		D42856D21902CFB300077467 /* SelectPlayersViewController.h */ = {isa = PBXFileReference; fileEncoding = 4; lastKnownFileType = sourcecode.c.h; path = SelectPlayersViewController.h; sourceTree = "<group>"; };
		D42856D31902CFB300077467 /* SelectPlayersViewController.m */ = {isa = PBXFileReference; fileEncoding = 4; lastKnownFileType = sourcecode.c.objc; path = SelectPlayersViewController.m; sourceTree = "<group>"; };
		D42856D51902EA8200077467 /* Player.h */ = {isa = PBXFileReference; fileEncoding = 4; lastKnownFileType = sourcecode.c.h; path = Player.h; sourceTree = "<group>"; };
		D42856D61902EA8200077467 /* Player.m */ = {isa = PBXFileReference; fileEncoding = 4; lastKnownFileType = sourcecode.c.objc; path = Player.m; sourceTree = "<group>"; };
		D42856DB1902EC4E00077467 /* Team.h */ = {isa = PBXFileReference; fileEncoding = 4; lastKnownFileType = sourcecode.c.h; path = Team.h; sourceTree = "<group>"; };
		D42856DC1902EC4E00077467 /* Team.m */ = {isa = PBXFileReference; fileEncoding = 4; lastKnownFileType = sourcecode.c.objc; path = Team.m; sourceTree = "<group>"; };
		D47D36941920C3C6001BBDBC /* TrainingSoortViewController.h */ = {isa = PBXFileReference; fileEncoding = 4; lastKnownFileType = sourcecode.c.h; path = TrainingSoortViewController.h; sourceTree = "<group>"; };
		D47D36951920C3C6001BBDBC /* TrainingSoortViewController.m */ = {isa = PBXFileReference; fileEncoding = 4; lastKnownFileType = sourcecode.c.objc; path = TrainingSoortViewController.m; sourceTree = "<group>"; };
		D47D369B1920D2A3001BBDBC /* afwerken.png */ = {isa = PBXFileReference; lastKnownFileType = image.png; path = afwerken.png; sourceTree = "<group>"; };
		D47D369C1920D2A3001BBDBC /* anders.png */ = {isa = PBXFileReference; lastKnownFileType = image.png; path = anders.png; sourceTree = "<group>"; };
		D47D369D1920D2A3001BBDBC /* cornertrap.png */ = {isa = PBXFileReference; lastKnownFileType = image.png; path = cornertrap.png; sourceTree = "<group>"; };
		D47D369E1920D2A3001BBDBC /* ingooien.png */ = {isa = PBXFileReference; lastKnownFileType = image.png; path = ingooien.png; sourceTree = "<group>"; };
		D47D369F1920D2A3001BBDBC /* kaatsen.png */ = {isa = PBXFileReference; lastKnownFileType = image.png; path = kaatsen.png; sourceTree = "<group>"; };
		D47D36A01920D2A3001BBDBC /* koppen.png */ = {isa = PBXFileReference; lastKnownFileType = image.png; path = koppen.png; sourceTree = "<group>"; };
		D47D36A11920D2A3001BBDBC /* partijspel.png */ = {isa = PBXFileReference; lastKnownFileType = image.png; path = partijspel.png; sourceTree = "<group>"; };
		D47D36A21920D2A3001BBDBC /* positiespel.png */ = {isa = PBXFileReference; lastKnownFileType = image.png; path = positiespel.png; sourceTree = "<group>"; };
		D47D36A31920D2A3001BBDBC /* rondo.png */ = {isa = PBXFileReference; lastKnownFileType = image.png; path = rondo.png; sourceTree = "<group>"; };
		D47D36A41920D2A3001BBDBC /* uitloop.png */ = {isa = PBXFileReference; lastKnownFileType = image.png; path = uitloop.png; sourceTree = "<group>"; };
		D47D36A51920D2A3001BBDBC /* vs.png */ = {isa = PBXFileReference; lastKnownFileType = image.png; path = vs.png; sourceTree = "<group>"; };
		D47D36A61920D2A3001BBDBC /* warming up.png */ = {isa = PBXFileReference; lastKnownFileType = image.png; path = "warming up.png"; sourceTree = "<group>"; };
		D487280B18FB28E4005CD739 /* TrainingInfoViewController.h */ = {isa = PBXFileReference; fileEncoding = 4; lastKnownFileType = sourcecode.c.h; path = TrainingInfoViewController.h; sourceTree = "<group>"; };
		D487280C18FB28E4005CD739 /* TrainingInfoViewController.m */ = {isa = PBXFileReference; fileEncoding = 4; lastKnownFileType = sourcecode.c.objc; path = TrainingInfoViewController.m; sourceTree = "<group>"; };
		D491866A18FA9BFB00B70233 /* MenuViewController.h */ = {isa = PBXFileReference; fileEncoding = 4; lastKnownFileType = sourcecode.c.h; path = MenuViewController.h; sourceTree = "<group>"; };
		D491866B18FA9BFB00B70233 /* MenuViewController.m */ = {isa = PBXFileReference; fileEncoding = 4; lastKnownFileType = sourcecode.c.objc; path = MenuViewController.m; sourceTree = "<group>"; };
		D491866D18FB0D9B00B70233 /* loginScreen1136.png */ = {isa = PBXFileReference; lastKnownFileType = image.png; path = loginScreen1136.png; sourceTree = "<group>"; };
		D491866E18FB0D9B00B70233 /* background1008.png */ = {isa = PBXFileReference; lastKnownFileType = image.png; path = background1008.png; sourceTree = "<group>"; };
		D4B8754D19004044009FF0C2 /* OefeningenViewController.h */ = {isa = PBXFileReference; fileEncoding = 4; lastKnownFileType = sourcecode.c.h; path = OefeningenViewController.h; sourceTree = "<group>"; };
		D4B8754E19004044009FF0C2 /* OefeningenViewController.m */ = {isa = PBXFileReference; fileEncoding = 4; lastKnownFileType = sourcecode.c.objc; path = OefeningenViewController.m; sourceTree = "<group>"; };
		D4E3FEC5191535D400C7DFF8 /* ResultaatViewController.h */ = {isa = PBXFileReference; fileEncoding = 4; lastKnownFileType = sourcecode.c.h; path = ResultaatViewController.h; sourceTree = "<group>"; };
		D4E3FEC6191535D400C7DFF8 /* ResultaatViewController.m */ = {isa = PBXFileReference; fileEncoding = 4; lastKnownFileType = sourcecode.c.objc; path = ResultaatViewController.m; sourceTree = "<group>"; };
/* End PBXFileReference section */

/* Begin PBXFrameworksBuildPhase section */
		1BC0D84218F835B300789C6C /* Frameworks */ = {
			isa = PBXFrameworksBuildPhase;
			buildActionMask = 2147483647;
			files = (
				1BE3D266191A554B00A024DB /* libsqlite3.dylib in Frameworks */,
				1BC0D84B18F835B300789C6C /* CoreGraphics.framework in Frameworks */,
				1BC0D84D18F835B300789C6C /* UIKit.framework in Frameworks */,
				1BC0D84918F835B300789C6C /* Foundation.framework in Frameworks */,
			);
			runOnlyForDeploymentPostprocessing = 0;
		};
		1BC0D86318F835B300789C6C /* Frameworks */ = {
			isa = PBXFrameworksBuildPhase;
			buildActionMask = 2147483647;
			files = (
				1BC0D86818F835B300789C6C /* XCTest.framework in Frameworks */,
				1BC0D86A18F835B300789C6C /* UIKit.framework in Frameworks */,
				1BC0D86918F835B300789C6C /* Foundation.framework in Frameworks */,
			);
			runOnlyForDeploymentPostprocessing = 0;
		};
/* End PBXFrameworksBuildPhase section */

/* Begin PBXGroup section */
		131F915719229A1900DB0E37 /* DSLCalendarView */ = {
			isa = PBXGroup;
			children = (
				131F915819229A1900DB0E37 /* DSLCalendarDayCalloutView.h */,
				131F915919229A1900DB0E37 /* DSLCalendarDayCalloutView.m */,
				131F915A19229A1900DB0E37 /* DSLCalendarDayCalloutView.xib */,
				131F915B19229A1900DB0E37 /* DSLCalendarDayView.h */,
				131F915C19229A1900DB0E37 /* DSLCalendarDayView.m */,
				131F915D19229A1900DB0E37 /* DSLCalendarMonthSelectorView.h */,
				131F915E19229A1900DB0E37 /* DSLCalendarMonthSelectorView.m */,
				131F915F19229A1900DB0E37 /* DSLCalendarMonthSelectorView.xib */,
				131F916019229A1900DB0E37 /* DSLCalendarMonthView.h */,
				131F916119229A1900DB0E37 /* DSLCalendarMonthView.m */,
				131F916219229A1900DB0E37 /* DSLCalendarRange.h */,
				131F916319229A1900DB0E37 /* DSLCalendarRange.m */,
				131F916419229A1900DB0E37 /* DSLCalendarView.h */,
				131F916519229A1900DB0E37 /* DSLCalendarView.m */,
				131F916619229A1900DB0E37 /* Images */,
				131F917519229A1900DB0E37 /* NSDate+DSLCalendarView.h */,
				131F917619229A1900DB0E37 /* NSDate+DSLCalendarView.m */,
			);
			path = DSLCalendarView;
			sourceTree = "<group>";
		};
		131F916619229A1900DB0E37 /* Images */ = {
			isa = PBXGroup;
			children = (
				131F916719229A1900DB0E37 /* DSLCalendar-nextMonth.png */,
				131F916819229A1900DB0E37 /* DSLCalendar-nextMonth@2x.png */,
				131F916919229A1900DB0E37 /* DSLCalendar-previousMonth.png */,
				131F916A19229A1900DB0E37 /* DSLCalendar-previousMonth@2x.png */,
				131F916B19229A1900DB0E37 /* DSLCalendarDayCallout.png */,
				131F916C19229A1900DB0E37 /* DSLCalendarDayCallout@2x.png */,
				131F916D19229A1900DB0E37 /* DSLCalendarDaySelection-left.png */,
				131F916E19229A1900DB0E37 /* DSLCalendarDaySelection-left@2x.png */,
				131F916F19229A1900DB0E37 /* DSLCalendarDaySelection-middle.png */,
				131F917019229A1900DB0E37 /* DSLCalendarDaySelection-middle@2x.png */,
				131F917119229A1900DB0E37 /* DSLCalendarDaySelection-right.png */,
				131F917219229A1900DB0E37 /* DSLCalendarDaySelection-right@2x.png */,
				131F917319229A1900DB0E37 /* DSLCalendarDaySelection.png */,
				131F917419229A1900DB0E37 /* DSLCalendarDaySelection@2x.png */,
			);
			path = Images;
			sourceTree = "<group>";
		};
		1BC0D83C18F835B300789C6C = {
			isa = PBXGroup;
			children = (
				131F915719229A1900DB0E37 /* DSLCalendarView */,
				1BC0D84E18F835B300789C6C /* AjaxAgendaApp */,
				1BC0D86D18F835B300789C6C /* AjaxAgendaAppTests */,
				1BC0D84718F835B300789C6C /* Frameworks */,
				1BC0D84618F835B300789C6C /* Products */,
			);
			sourceTree = "<group>";
		};
		1BC0D84618F835B300789C6C /* Products */ = {
			isa = PBXGroup;
			children = (
				1BC0D84518F835B300789C6C /* AjaxAgendaApp.app */,
				1BC0D86618F835B300789C6C /* AjaxAgendaAppTests.xctest */,
			);
			name = Products;
			sourceTree = "<group>";
		};
		1BC0D84718F835B300789C6C /* Frameworks */ = {
			isa = PBXGroup;
			children = (
				1BE3D265191A554B00A024DB /* libsqlite3.dylib */,
				1BC0D84818F835B300789C6C /* Foundation.framework */,
				1BC0D84A18F835B300789C6C /* CoreGraphics.framework */,
				1BC0D84C18F835B300789C6C /* UIKit.framework */,
				1BC0D86718F835B300789C6C /* XCTest.framework */,
			);
			name = Frameworks;
			sourceTree = "<group>";
		};
		1BC0D84E18F835B300789C6C /* AjaxAgendaApp */ = {
			isa = PBXGroup;
			children = (
				1BC0D85718F835B300789C6C /* AppDelegate.h */,
				1BC0D85818F835B300789C6C /* AppDelegate.m */,
				1BC0D85A18F835B300789C6C /* Main.storyboard */,
				1BC0D85D18F835B300789C6C /* LoginViewController.h */,
				1BC0D85E18F835B300789C6C /* LoginViewController.m */,
				D491866A18FA9BFB00B70233 /* MenuViewController.h */,
				D491866B18FA9BFB00B70233 /* MenuViewController.m */,
				D487280B18FB28E4005CD739 /* TrainingInfoViewController.h */,
				D487280C18FB28E4005CD739 /* TrainingInfoViewController.m */,
				D47D36941920C3C6001BBDBC /* TrainingSoortViewController.h */,
				D47D36951920C3C6001BBDBC /* TrainingSoortViewController.m */,
				D4B8754D19004044009FF0C2 /* OefeningenViewController.h */,
				D4B8754E19004044009FF0C2 /* OefeningenViewController.m */,
				D42856D21902CFB300077467 /* SelectPlayersViewController.h */,
				D42856D31902CFB300077467 /* SelectPlayersViewController.m */,
				D4E3FEC5191535D400C7DFF8 /* ResultaatViewController.h */,
				D4E3FEC6191535D400C7DFF8 /* ResultaatViewController.m */,
				D42856D51902EA8200077467 /* Player.h */,
				D42856D61902EA8200077467 /* Player.m */,
				D42856DB1902EC4E00077467 /* Team.h */,
				D42856DC1902EC4E00077467 /* Team.m */,
				131F91541922946300DB0E37 /* AgendaViewController.h */,
				131F91551922946300DB0E37 /* AgendaViewController.m */,
				1BC0D86018F835B300789C6C /* Images.xcassets */,
				1BC0D84F18F835B300789C6C /* Supporting Files */,
			);
			path = AjaxAgendaApp;
			sourceTree = "<group>";
		};
		1BC0D84F18F835B300789C6C /* Supporting Files */ = {
			isa = PBXGroup;
			children = (
				D47D36971920D243001BBDBC /* Images */,
				1B297A29191BDB1E00C10129 /* ajaxtraining.db */,
				1BC0D85018F835B300789C6C /* AjaxAgendaApp-Info.plist */,
				1BC0D85118F835B300789C6C /* InfoPlist.strings */,
				1BC0D85418F835B300789C6C /* main.m */,
				1BC0D85618F835B300789C6C /* AjaxAgendaApp-Prefix.pch */,
			);
			name = "Supporting Files";
			sourceTree = "<group>";
		};
		1BC0D86D18F835B300789C6C /* AjaxAgendaAppTests */ = {
			isa = PBXGroup;
			children = (
				1BC0D87318F835B300789C6C /* AjaxAgendaAppTests.m */,
				1BC0D86E18F835B300789C6C /* Supporting Files */,
			);
			path = AjaxAgendaAppTests;
			sourceTree = "<group>";
		};
		1BC0D86E18F835B300789C6C /* Supporting Files */ = {
			isa = PBXGroup;
			children = (
				1BC0D86F18F835B300789C6C /* AjaxAgendaAppTests-Info.plist */,
				1BC0D87018F835B300789C6C /* InfoPlist.strings */,
			);
			name = "Supporting Files";
			sourceTree = "<group>";
		};
		D47D36971920D243001BBDBC /* Images */ = {
			isa = PBXGroup;
			children = (
				D47D36991920D25A001BBDBC /* Buttons */,
				D47D36981920D24F001BBDBC /* Backgrounds */,
			);
			name = Images;
			sourceTree = "<group>";
		};
		D47D36981920D24F001BBDBC /* Backgrounds */ = {
			isa = PBXGroup;
			children = (
				D491866E18FB0D9B00B70233 /* background1008.png */,
				D491866D18FB0D9B00B70233 /* loginScreen1136.png */,
			);
			name = Backgrounds;
			sourceTree = "<group>";
		};
		D47D36991920D25A001BBDBC /* Buttons */ = {
			isa = PBXGroup;
			children = (
				D47D369B1920D2A3001BBDBC /* afwerken.png */,
				D47D369C1920D2A3001BBDBC /* anders.png */,
				D47D369D1920D2A3001BBDBC /* cornertrap.png */,
				D47D369E1920D2A3001BBDBC /* ingooien.png */,
				D47D369F1920D2A3001BBDBC /* kaatsen.png */,
				D47D36A01920D2A3001BBDBC /* koppen.png */,
				D47D36A11920D2A3001BBDBC /* partijspel.png */,
				D47D36A21920D2A3001BBDBC /* positiespel.png */,
				D47D36A31920D2A3001BBDBC /* rondo.png */,
				D47D36A41920D2A3001BBDBC /* uitloop.png */,
				D47D36A51920D2A3001BBDBC /* vs.png */,
				D47D36A61920D2A3001BBDBC /* warming up.png */,
				D42741EC1920ECFB00A7582F /* tempSelectedButton.png */,
			);
			name = Buttons;
			sourceTree = "<group>";
		};
/* End PBXGroup section */

/* Begin PBXNativeTarget section */
		1BC0D84418F835B300789C6C /* AjaxAgendaApp */ = {
			isa = PBXNativeTarget;
			buildConfigurationList = 1BC0D87718F835B300789C6C /* Build configuration list for PBXNativeTarget "AjaxAgendaApp" */;
			buildPhases = (
				1BC0D84118F835B300789C6C /* Sources */,
				1BC0D84218F835B300789C6C /* Frameworks */,
				1BC0D84318F835B300789C6C /* Resources */,
			);
			buildRules = (
			);
			dependencies = (
			);
			name = AjaxAgendaApp;
			productName = AjaxAgendaApp;
			productReference = 1BC0D84518F835B300789C6C /* AjaxAgendaApp.app */;
			productType = "com.apple.product-type.application";
		};
		1BC0D86518F835B300789C6C /* AjaxAgendaAppTests */ = {
			isa = PBXNativeTarget;
			buildConfigurationList = 1BC0D87A18F835B300789C6C /* Build configuration list for PBXNativeTarget "AjaxAgendaAppTests" */;
			buildPhases = (
				1BC0D86218F835B300789C6C /* Sources */,
				1BC0D86318F835B300789C6C /* Frameworks */,
				1BC0D86418F835B300789C6C /* Resources */,
			);
			buildRules = (
			);
			dependencies = (
				1BC0D86C18F835B300789C6C /* PBXTargetDependency */,
			);
			name = AjaxAgendaAppTests;
			productName = AjaxAgendaAppTests;
			productReference = 1BC0D86618F835B300789C6C /* AjaxAgendaAppTests.xctest */;
			productType = "com.apple.product-type.bundle.unit-test";
		};
/* End PBXNativeTarget section */

/* Begin PBXProject section */
		1BC0D83D18F835B300789C6C /* Project object */ = {
			isa = PBXProject;
			attributes = {
				LastUpgradeCheck = 0510;
				ORGANIZATIONNAME = "Prove IT";
				TargetAttributes = {
					1BC0D86518F835B300789C6C = {
						TestTargetID = 1BC0D84418F835B300789C6C;
					};
				};
			};
			buildConfigurationList = 1BC0D84018F835B300789C6C /* Build configuration list for PBXProject "AjaxAgendaApp" */;
			compatibilityVersion = "Xcode 3.2";
			developmentRegion = English;
			hasScannedForEncodings = 0;
			knownRegions = (
				en,
				Base,
			);
			mainGroup = 1BC0D83C18F835B300789C6C;
			productRefGroup = 1BC0D84618F835B300789C6C /* Products */;
			projectDirPath = "";
			projectRoot = "";
			targets = (
				1BC0D84418F835B300789C6C /* AjaxAgendaApp */,
				1BC0D86518F835B300789C6C /* AjaxAgendaAppTests */,
			);
		};
/* End PBXProject section */

/* Begin PBXResourcesBuildPhase section */
		1BC0D84318F835B300789C6C /* Resources */ = {
			isa = PBXResourcesBuildPhase;
			buildActionMask = 2147483647;
			files = (
				131F918919229A1900DB0E37 /* DSLCalendarDaySelection-right.png in Resources */,
				131F917819229A1900DB0E37 /* DSLCalendarDayCalloutView.xib in Resources */,
				D42741ED1920ECFB00A7582F /* tempSelectedButton.png in Resources */,
				1BC0D86118F835B300789C6C /* Images.xcassets in Resources */,
				D47D36B11920D2A3001BBDBC /* uitloop.png in Resources */,
				131F918719229A1900DB0E37 /* DSLCalendarDaySelection-middle.png in Resources */,
				D47D36AF1920D2A3001BBDBC /* positiespel.png in Resources */,
				D47D36A81920D2A3001BBDBC /* afwerken.png in Resources */,
				D47D36AB1920D2A3001BBDBC /* ingooien.png in Resources */,
				1BC0D85318F835B300789C6C /* InfoPlist.strings in Resources */,
				131F918219229A1900DB0E37 /* DSLCalendar-previousMonth@2x.png in Resources */,
				D491866F18FB0D9B00B70233 /* loginScreen1136.png in Resources */,
				131F918419229A1900DB0E37 /* DSLCalendarDayCallout@2x.png in Resources */,
				131F917B19229A1900DB0E37 /* DSLCalendarMonthSelectorView.xib in Resources */,
				131F918519229A1900DB0E37 /* DSLCalendarDaySelection-left.png in Resources */,
				131F918619229A1900DB0E37 /* DSLCalendarDaySelection-left@2x.png in Resources */,
				131F918019229A1900DB0E37 /* DSLCalendar-nextMonth@2x.png in Resources */,
				131F918B19229A1900DB0E37 /* DSLCalendarDaySelection.png in Resources */,
				1B297A2A191BDB1E00C10129 /* ajaxtraining.db in Resources */,
				D47D36B31920D2A3001BBDBC /* warming up.png in Resources */,
				131F918119229A1900DB0E37 /* DSLCalendar-previousMonth.png in Resources */,
				D47D36A91920D2A3001BBDBC /* anders.png in Resources */,
				D47D36AA1920D2A3001BBDBC /* cornertrap.png in Resources */,
				131F918819229A1900DB0E37 /* DSLCalendarDaySelection-middle@2x.png in Resources */,
				D47D36AC1920D2A3001BBDBC /* kaatsen.png in Resources */,
				131F918A19229A1900DB0E37 /* DSLCalendarDaySelection-right@2x.png in Resources */,
				D47D36AD1920D2A3001BBDBC /* koppen.png in Resources */,
				D491867018FB0D9B00B70233 /* background1008.png in Resources */,
				1BC0D85C18F835B300789C6C /* Main.storyboard in Resources */,
				D47D36B01920D2A3001BBDBC /* rondo.png in Resources */,
				131F917F19229A1900DB0E37 /* DSLCalendar-nextMonth.png in Resources */,
				131F918319229A1900DB0E37 /* DSLCalendarDayCallout.png in Resources */,
				D47D36B21920D2A3001BBDBC /* vs.png in Resources */,
				131F918C19229A1900DB0E37 /* DSLCalendarDaySelection@2x.png in Resources */,
				D47D36AE1920D2A3001BBDBC /* partijspel.png in Resources */,
			);
			runOnlyForDeploymentPostprocessing = 0;
		};
		1BC0D86418F835B300789C6C /* Resources */ = {
			isa = PBXResourcesBuildPhase;
			buildActionMask = 2147483647;
			files = (
				1BC0D87218F835B300789C6C /* InfoPlist.strings in Resources */,
			);
			runOnlyForDeploymentPostprocessing = 0;
		};
/* End PBXResourcesBuildPhase section */

/* Begin PBXSourcesBuildPhase section */
		1BC0D84118F835B300789C6C /* Sources */ = {
			isa = PBXSourcesBuildPhase;
			buildActionMask = 2147483647;
			files = (
				131F917E19229A1900DB0E37 /* DSLCalendarView.m in Sources */,
				131F917A19229A1900DB0E37 /* DSLCalendarMonthSelectorView.m in Sources */,
				D42856D71902EA8200077467 /* Player.m in Sources */,
				D42856D41902CFB300077467 /* SelectPlayersViewController.m in Sources */,
				D4B8754F19004044009FF0C2 /* OefeningenViewController.m in Sources */,
				1BC0D85F18F835B300789C6C /* LoginViewController.m in Sources */,
				131F917719229A1900DB0E37 /* DSLCalendarDayCalloutView.m in Sources */,
				131F917D19229A1900DB0E37 /* DSLCalendarRange.m in Sources */,
				131F918D19229A1900DB0E37 /* NSDate+DSLCalendarView.m in Sources */,
				D42856DD1902EC4E00077467 /* Team.m in Sources */,
				D47D36961920C3C6001BBDBC /* TrainingSoortViewController.m in Sources */,
				1BC0D85918F835B300789C6C /* AppDelegate.m in Sources */,
				D487280D18FB28E4005CD739 /* TrainingInfoViewController.m in Sources */,
				131F917919229A1900DB0E37 /* DSLCalendarDayView.m in Sources */,
				131F91561922946300DB0E37 /* AgendaViewController.m in Sources */,
				1BC0D85518F835B300789C6C /* main.m in Sources */,
				D4E3FEC7191535D400C7DFF8 /* ResultaatViewController.m in Sources */,
				D491866C18FA9BFB00B70233 /* MenuViewController.m in Sources */,
				131F917C19229A1900DB0E37 /* DSLCalendarMonthView.m in Sources */,
			);
			runOnlyForDeploymentPostprocessing = 0;
		};
		1BC0D86218F835B300789C6C /* Sources */ = {
			isa = PBXSourcesBuildPhase;
			buildActionMask = 2147483647;
			files = (
				1BC0D87418F835B300789C6C /* AjaxAgendaAppTests.m in Sources */,
			);
			runOnlyForDeploymentPostprocessing = 0;
		};
/* End PBXSourcesBuildPhase section */

/* Begin PBXTargetDependency section */
		1BC0D86C18F835B300789C6C /* PBXTargetDependency */ = {
			isa = PBXTargetDependency;
			target = 1BC0D84418F835B300789C6C /* AjaxAgendaApp */;
			targetProxy = 1BC0D86B18F835B300789C6C /* PBXContainerItemProxy */;
		};
/* End PBXTargetDependency section */

/* Begin PBXVariantGroup section */
		1BC0D85118F835B300789C6C /* InfoPlist.strings */ = {
			isa = PBXVariantGroup;
			children = (
				1BC0D85218F835B300789C6C /* en */,
			);
			name = InfoPlist.strings;
			sourceTree = "<group>";
		};
		1BC0D85A18F835B300789C6C /* Main.storyboard */ = {
			isa = PBXVariantGroup;
			children = (
				1BC0D85B18F835B300789C6C /* Base */,
			);
			name = Main.storyboard;
			sourceTree = "<group>";
		};
		1BC0D87018F835B300789C6C /* InfoPlist.strings */ = {
			isa = PBXVariantGroup;
			children = (
				1BC0D87118F835B300789C6C /* en */,
			);
			name = InfoPlist.strings;
			sourceTree = "<group>";
		};
/* End PBXVariantGroup section */

/* Begin XCBuildConfiguration section */
		1BC0D87518F835B300789C6C /* Debug */ = {
			isa = XCBuildConfiguration;
			buildSettings = {
				ALWAYS_SEARCH_USER_PATHS = NO;
				CLANG_CXX_LANGUAGE_STANDARD = "gnu++0x";
				CLANG_CXX_LIBRARY = "libc++";
				CLANG_ENABLE_MODULES = YES;
				CLANG_ENABLE_OBJC_ARC = YES;
				CLANG_WARN_BOOL_CONVERSION = YES;
				CLANG_WARN_CONSTANT_CONVERSION = YES;
				CLANG_WARN_DIRECT_OBJC_ISA_USAGE = YES_ERROR;
				CLANG_WARN_EMPTY_BODY = YES;
				CLANG_WARN_ENUM_CONVERSION = YES;
				CLANG_WARN_INT_CONVERSION = YES;
				CLANG_WARN_OBJC_ROOT_CLASS = YES_ERROR;
				CLANG_WARN__DUPLICATE_METHOD_MATCH = YES;
				"CODE_SIGN_IDENTITY[sdk=iphoneos*]" = "iPhone Developer";
				COPY_PHASE_STRIP = NO;
				GCC_C_LANGUAGE_STANDARD = gnu99;
				GCC_DYNAMIC_NO_PIC = NO;
				GCC_OPTIMIZATION_LEVEL = 0;
				GCC_PREPROCESSOR_DEFINITIONS = (
					"DEBUG=1",
					"$(inherited)",
				);
				GCC_SYMBOLS_PRIVATE_EXTERN = NO;
				GCC_WARN_64_TO_32_BIT_CONVERSION = YES;
				GCC_WARN_ABOUT_RETURN_TYPE = YES_ERROR;
				GCC_WARN_UNDECLARED_SELECTOR = YES;
				GCC_WARN_UNINITIALIZED_AUTOS = YES_AGGRESSIVE;
				GCC_WARN_UNUSED_FUNCTION = YES;
				GCC_WARN_UNUSED_VARIABLE = YES;
				IPHONEOS_DEPLOYMENT_TARGET = 7.1;
				ONLY_ACTIVE_ARCH = YES;
				SDKROOT = iphoneos;
			};
			name = Debug;
		};
		1BC0D87618F835B300789C6C /* Release */ = {
			isa = XCBuildConfiguration;
			buildSettings = {
				ALWAYS_SEARCH_USER_PATHS = NO;
				CLANG_CXX_LANGUAGE_STANDARD = "gnu++0x";
				CLANG_CXX_LIBRARY = "libc++";
				CLANG_ENABLE_MODULES = YES;
				CLANG_ENABLE_OBJC_ARC = YES;
				CLANG_WARN_BOOL_CONVERSION = YES;
				CLANG_WARN_CONSTANT_CONVERSION = YES;
				CLANG_WARN_DIRECT_OBJC_ISA_USAGE = YES_ERROR;
				CLANG_WARN_EMPTY_BODY = YES;
				CLANG_WARN_ENUM_CONVERSION = YES;
				CLANG_WARN_INT_CONVERSION = YES;
				CLANG_WARN_OBJC_ROOT_CLASS = YES_ERROR;
				CLANG_WARN__DUPLICATE_METHOD_MATCH = YES;
				"CODE_SIGN_IDENTITY[sdk=iphoneos*]" = "iPhone Developer";
				COPY_PHASE_STRIP = YES;
				ENABLE_NS_ASSERTIONS = NO;
				GCC_C_LANGUAGE_STANDARD = gnu99;
				GCC_WARN_64_TO_32_BIT_CONVERSION = YES;
				GCC_WARN_ABOUT_RETURN_TYPE = YES_ERROR;
				GCC_WARN_UNDECLARED_SELECTOR = YES;
				GCC_WARN_UNINITIALIZED_AUTOS = YES_AGGRESSIVE;
				GCC_WARN_UNUSED_FUNCTION = YES;
				GCC_WARN_UNUSED_VARIABLE = YES;
				IPHONEOS_DEPLOYMENT_TARGET = 7.1;
				SDKROOT = iphoneos;
				VALIDATE_PRODUCT = YES;
			};
			name = Release;
		};
		1BC0D87818F835B300789C6C /* Debug */ = {
			isa = XCBuildConfiguration;
			buildSettings = {
				ASSETCATALOG_COMPILER_APPICON_NAME = AppIcon;
				ASSETCATALOG_COMPILER_LAUNCHIMAGE_NAME = LaunchImage;
				GCC_PRECOMPILE_PREFIX_HEADER = YES;
				GCC_PREFIX_HEADER = "AjaxAgendaApp/AjaxAgendaApp-Prefix.pch";
				INFOPLIST_FILE = "AjaxAgendaApp/AjaxAgendaApp-Info.plist";
				PRODUCT_NAME = "$(TARGET_NAME)";
				WRAPPER_EXTENSION = app;
			};
			name = Debug;
		};
		1BC0D87918F835B300789C6C /* Release */ = {
			isa = XCBuildConfiguration;
			buildSettings = {
				ASSETCATALOG_COMPILER_APPICON_NAME = AppIcon;
				ASSETCATALOG_COMPILER_LAUNCHIMAGE_NAME = LaunchImage;
				GCC_PRECOMPILE_PREFIX_HEADER = YES;
				GCC_PREFIX_HEADER = "AjaxAgendaApp/AjaxAgendaApp-Prefix.pch";
				INFOPLIST_FILE = "AjaxAgendaApp/AjaxAgendaApp-Info.plist";
				PRODUCT_NAME = "$(TARGET_NAME)";
				WRAPPER_EXTENSION = app;
			};
			name = Release;
		};
		1BC0D87B18F835B300789C6C /* Debug */ = {
			isa = XCBuildConfiguration;
			buildSettings = {
				BUNDLE_LOADER = "$(BUILT_PRODUCTS_DIR)/AjaxAgendaApp.app/AjaxAgendaApp";
				FRAMEWORK_SEARCH_PATHS = (
					"$(SDKROOT)/Developer/Library/Frameworks",
					"$(inherited)",
					"$(DEVELOPER_FRAMEWORKS_DIR)",
				);
				GCC_PRECOMPILE_PREFIX_HEADER = YES;
				GCC_PREFIX_HEADER = "AjaxAgendaApp/AjaxAgendaApp-Prefix.pch";
				GCC_PREPROCESSOR_DEFINITIONS = (
					"DEBUG=1",
					"$(inherited)",
				);
				INFOPLIST_FILE = "AjaxAgendaAppTests/AjaxAgendaAppTests-Info.plist";
				PRODUCT_NAME = "$(TARGET_NAME)";
				TEST_HOST = "$(BUNDLE_LOADER)";
				WRAPPER_EXTENSION = xctest;
			};
			name = Debug;
		};
		1BC0D87C18F835B300789C6C /* Release */ = {
			isa = XCBuildConfiguration;
			buildSettings = {
				BUNDLE_LOADER = "$(BUILT_PRODUCTS_DIR)/AjaxAgendaApp.app/AjaxAgendaApp";
				FRAMEWORK_SEARCH_PATHS = (
					"$(SDKROOT)/Developer/Library/Frameworks",
					"$(inherited)",
					"$(DEVELOPER_FRAMEWORKS_DIR)",
				);
				GCC_PRECOMPILE_PREFIX_HEADER = YES;
				GCC_PREFIX_HEADER = "AjaxAgendaApp/AjaxAgendaApp-Prefix.pch";
				INFOPLIST_FILE = "AjaxAgendaAppTests/AjaxAgendaAppTests-Info.plist";
				PRODUCT_NAME = "$(TARGET_NAME)";
				TEST_HOST = "$(BUNDLE_LOADER)";
				WRAPPER_EXTENSION = xctest;
			};
			name = Release;
		};
/* End XCBuildConfiguration section */

/* Begin XCConfigurationList section */
		1BC0D84018F835B300789C6C /* Build configuration list for PBXProject "AjaxAgendaApp" */ = {
			isa = XCConfigurationList;
			buildConfigurations = (
				1BC0D87518F835B300789C6C /* Debug */,
				1BC0D87618F835B300789C6C /* Release */,
			);
			defaultConfigurationIsVisible = 0;
			defaultConfigurationName = Release;
		};
		1BC0D87718F835B300789C6C /* Build configuration list for PBXNativeTarget "AjaxAgendaApp" */ = {
			isa = XCConfigurationList;
			buildConfigurations = (
				1BC0D87818F835B300789C6C /* Debug */,
				1BC0D87918F835B300789C6C /* Release */,
			);
			defaultConfigurationIsVisible = 0;
			defaultConfigurationName = Release;
		};
		1BC0D87A18F835B300789C6C /* Build configuration list for PBXNativeTarget "AjaxAgendaAppTests" */ = {
			isa = XCConfigurationList;
			buildConfigurations = (
				1BC0D87B18F835B300789C6C /* Debug */,
				1BC0D87C18F835B300789C6C /* Release */,
			);
			defaultConfigurationIsVisible = 0;
			defaultConfigurationName = Release;
		};
/* End XCConfigurationList section */
	};
	rootObject = 1BC0D83D18F835B300789C6C /* Project object */;
}
