// !$*UTF8*$!
{
	archiveVersion = 1;
	classes = {
	};
	objectVersion = 46;
	objects = {

/* Begin PBXBuildFile section */
		1BC0D84918F835B300789C6C /* Foundation.framework in Frameworks */ = {isa = PBXBuildFile; fileRef = 1BC0D84818F835B300789C6C /* Foundation.framework */; };
		1BC0D84B18F835B300789C6C /* CoreGraphics.framework in Frameworks */ = {isa = PBXBuildFile; fileRef = 1BC0D84A18F835B300789C6C /* CoreGraphics.framework */; };
		1BC0D84D18F835B300789C6C /* UIKit.framework in Frameworks */ = {isa = PBXBuildFile; fileRef = 1BC0D84C18F835B300789C6C /* UIKit.framework */; };
		1BC0D85318F835B300789C6C /* InfoPlist.strings in Resources */ = {isa = PBXBuildFile; fileRef = 1BC0D85118F835B300789C6C /* InfoPlist.strings */; };
		1BC0D85518F835B300789C6C /* main.m in Sources */ = {isa = PBXBuildFile; fileRef = 1BC0D85418F835B300789C6C /* main.m */; };
		1BC0D85918F835B300789C6C /* AppDelegate.m in Sources */ = {isa = PBXBuildFile; fileRef = 1BC0D85818F835B300789C6C /* AppDelegate.m */; };
		1BC0D85C18F835B300789C6C /* Main.storyboard in Resources */ = {isa = PBXBuildFile; fileRef = 1BC0D85A18F835B300789C6C /* Main.storyboard */; };
		1BC0D85F18F835B300789C6C /* LoginViewController.m in Sources */ = {isa = PBXBuildFile; fileRef = 1BC0D85E18F835B300789C6C /* LoginViewController.m */; };
		1BC0D86118F835B300789C6C /* Images.xcassets in Resources */ = {isa = PBXBuildFile; fileRef = 1BC0D86018F835B300789C6C /* Images.xcassets */; };
		1BC0D86818F835B300789C6C /* XCTest.framework in Frameworks */ = {isa = PBXBuildFile; fileRef = 1BC0D86718F835B300789C6C /* XCTest.framework */; };
		1BC0D86918F835B300789C6C /* Foundation.framework in Frameworks */ = {isa = PBXBuildFile; fileRef = 1BC0D84818F835B300789C6C /* Foundation.framework */; };
		1BC0D86A18F835B300789C6C /* UIKit.framework in Frameworks */ = {isa = PBXBuildFile; fileRef = 1BC0D84C18F835B300789C6C /* UIKit.framework */; };
		1BC0D87218F835B300789C6C /* InfoPlist.strings in Resources */ = {isa = PBXBuildFile; fileRef = 1BC0D87018F835B300789C6C /* InfoPlist.strings */; };
		1BC0D87418F835B300789C6C /* AjaxAgendaAppTests.m in Sources */ = {isa = PBXBuildFile; fileRef = 1BC0D87318F835B300789C6C /* AjaxAgendaAppTests.m */; };
		D42856D41902CFB300077467 /* SelectPlayersViewController.m in Sources */ = {isa = PBXBuildFile; fileRef = D42856D31902CFB300077467 /* SelectPlayersViewController.m */; };
		D42856D71902EA8200077467 /* Player.m in Sources */ = {isa = PBXBuildFile; fileRef = D42856D61902EA8200077467 /* Player.m */; };
		D42856DD1902EC4E00077467 /* Team.m in Sources */ = {isa = PBXBuildFile; fileRef = D42856DC1902EC4E00077467 /* Team.m */; };
		D487280D18FB28E4005CD739 /* TrainingInfoViewController.m in Sources */ = {isa = PBXBuildFile; fileRef = D487280C18FB28E4005CD739 /* TrainingInfoViewController.m */; };
		D491866C18FA9BFB00B70233 /* MenuViewController.m in Sources */ = {isa = PBXBuildFile; fileRef = D491866B18FA9BFB00B70233 /* MenuViewController.m */; };
		D491866F18FB0D9B00B70233 /* loginScreen1136.png in Resources */ = {isa = PBXBuildFile; fileRef = D491866D18FB0D9B00B70233 /* loginScreen1136.png */; };
		D491867018FB0D9B00B70233 /* background1008.png in Resources */ = {isa = PBXBuildFile; fileRef = D491866E18FB0D9B00B70233 /* background1008.png */; };
		D4B8754F19004044009FF0C2 /* OefeningenViewController.m in Sources */ = {isa = PBXBuildFile; fileRef = D4B8754E19004044009FF0C2 /* OefeningenViewController.m */; };
/* End PBXBuildFile section */

/* Begin PBXContainerItemProxy section */
		1BC0D86B18F835B300789C6C /* PBXContainerItemProxy */ = {
			isa = PBXContainerItemProxy;
			containerPortal = 1BC0D83D18F835B300789C6C /* Project object */;
			proxyType = 1;
			remoteGlobalIDString = 1BC0D84418F835B300789C6C;
			remoteInfo = AjaxAgendaApp;
		};
/* End PBXContainerItemProxy section */

/* Begin PBXFileReference section */
		1BC0D84518F835B300789C6C /* AjaxAgendaApp.app */ = {isa = PBXFileReference; explicitFileType = wrapper.application; includeInIndex = 0; path = AjaxAgendaApp.app; sourceTree = BUILT_PRODUCTS_DIR; };
		1BC0D84818F835B300789C6C /* Foundation.framework */ = {isa = PBXFileReference; lastKnownFileType = wrapper.framework; name = Foundation.framework; path = System/Library/Frameworks/Foundation.framework; sourceTree = SDKROOT; };
		1BC0D84A18F835B300789C6C /* CoreGraphics.framework */ = {isa = PBXFileReference; lastKnownFileType = wrapper.framework; name = CoreGraphics.framework; path = System/Library/Frameworks/CoreGraphics.framework; sourceTree = SDKROOT; };
		1BC0D84C18F835B300789C6C /* UIKit.framework */ = {isa = PBXFileReference; lastKnownFileType = wrapper.framework; name = UIKit.framework; path = System/Library/Frameworks/UIKit.framework; sourceTree = SDKROOT; };
		1BC0D85018F835B300789C6C /* AjaxAgendaApp-Info.plist */ = {isa = PBXFileReference; lastKnownFileType = text.plist.xml; path = "AjaxAgendaApp-Info.plist"; sourceTree = "<group>"; };
		1BC0D85218F835B300789C6C /* en */ = {isa = PBXFileReference; lastKnownFileType = text.plist.strings; name = en; path = en.lproj/InfoPlist.strings; sourceTree = "<group>"; };
		1BC0D85418F835B300789C6C /* main.m */ = {isa = PBXFileReference; lastKnownFileType = sourcecode.c.objc; path = main.m; sourceTree = "<group>"; };
		1BC0D85618F835B300789C6C /* AjaxAgendaApp-Prefix.pch */ = {isa = PBXFileReference; lastKnownFileType = sourcecode.c.h; path = "AjaxAgendaApp-Prefix.pch"; sourceTree = "<group>"; };
		1BC0D85718F835B300789C6C /* AppDelegate.h */ = {isa = PBXFileReference; lastKnownFileType = sourcecode.c.h; path = AppDelegate.h; sourceTree = "<group>"; };
		1BC0D85818F835B300789C6C /* AppDelegate.m */ = {isa = PBXFileReference; lastKnownFileType = sourcecode.c.objc; path = AppDelegate.m; sourceTree = "<group>"; };
		1BC0D85B18F835B300789C6C /* Base */ = {isa = PBXFileReference; lastKnownFileType = file.storyboard; name = Base; path = Base.lproj/Main.storyboard; sourceTree = "<group>"; };
		1BC0D85D18F835B300789C6C /* LoginViewController.h */ = {isa = PBXFileReference; lastKnownFileType = sourcecode.c.h; path = LoginViewController.h; sourceTree = "<group>"; };
		1BC0D85E18F835B300789C6C /* LoginViewController.m */ = {isa = PBXFileReference; lastKnownFileType = sourcecode.c.objc; path = LoginViewController.m; sourceTree = "<group>"; };
		1BC0D86018F835B300789C6C /* Images.xcassets */ = {isa = PBXFileReference; lastKnownFileType = folder.assetcatalog; path = Images.xcassets; sourceTree = "<group>"; };
		1BC0D86618F835B300789C6C /* AjaxAgendaAppTests.xctest */ = {isa = PBXFileReference; explicitFileType = wrapper.cfbundle; includeInIndex = 0; path = AjaxAgendaAppTests.xctest; sourceTree = BUILT_PRODUCTS_DIR; };
		1BC0D86718F835B300789C6C /* XCTest.framework */ = {isa = PBXFileReference; lastKnownFileType = wrapper.framework; name = XCTest.framework; path = Library/Frameworks/XCTest.framework; sourceTree = DEVELOPER_DIR; };
		1BC0D86F18F835B300789C6C /* AjaxAgendaAppTests-Info.plist */ = {isa = PBXFileReference; lastKnownFileType = text.plist.xml; path = "AjaxAgendaAppTests-Info.plist"; sourceTree = "<group>"; };
		1BC0D87118F835B300789C6C /* en */ = {isa = PBXFileReference; lastKnownFileType = text.plist.strings; name = en; path = en.lproj/InfoPlist.strings; sourceTree = "<group>"; };
		1BC0D87318F835B300789C6C /* AjaxAgendaAppTests.m */ = {isa = PBXFileReference; lastKnownFileType = sourcecode.c.objc; path = AjaxAgendaAppTests.m; sourceTree = "<group>"; };
		D42856D21902CFB300077467 /* SelectPlayersViewController.h */ = {isa = PBXFileReference; fileEncoding = 4; lastKnownFileType = sourcecode.c.h; path = SelectPlayersViewController.h; sourceTree = "<group>"; };
		D42856D31902CFB300077467 /* SelectPlayersViewController.m */ = {isa = PBXFileReference; fileEncoding = 4; lastKnownFileType = sourcecode.c.objc; path = SelectPlayersViewController.m; sourceTree = "<group>"; };
		D42856D51902EA8200077467 /* Player.h */ = {isa = PBXFileReference; fileEncoding = 4; lastKnownFileType = sourcecode.c.h; path = Player.h; sourceTree = "<group>"; };
		D42856D61902EA8200077467 /* Player.m */ = {isa = PBXFileReference; fileEncoding = 4; lastKnownFileType = sourcecode.c.objc; path = Player.m; sourceTree = "<group>"; };
		D42856DB1902EC4E00077467 /* Team.h */ = {isa = PBXFileReference; fileEncoding = 4; lastKnownFileType = sourcecode.c.h; path = Team.h; sourceTree = "<group>"; };
		D42856DC1902EC4E00077467 /* Team.m */ = {isa = PBXFileReference; fileEncoding = 4; lastKnownFileType = sourcecode.c.objc; path = Team.m; sourceTree = "<group>"; };
		D487280B18FB28E4005CD739 /* TrainingInfoViewController.h */ = {isa = PBXFileReference; fileEncoding = 4; lastKnownFileType = sourcecode.c.h; path = TrainingInfoViewController.h; sourceTree = "<group>"; };
		D487280C18FB28E4005CD739 /* TrainingInfoViewController.m */ = {isa = PBXFileReference; fileEncoding = 4; lastKnownFileType = sourcecode.c.objc; path = TrainingInfoViewController.m; sourceTree = "<group>"; };
		D491866A18FA9BFB00B70233 /* MenuViewController.h */ = {isa = PBXFileReference; fileEncoding = 4; lastKnownFileType = sourcecode.c.h; path = MenuViewController.h; sourceTree = "<group>"; };
		D491866B18FA9BFB00B70233 /* MenuViewController.m */ = {isa = PBXFileReference; fileEncoding = 4; lastKnownFileType = sourcecode.c.objc; path = MenuViewController.m; sourceTree = "<group>"; };
		D491866D18FB0D9B00B70233 /* loginScreen1136.png */ = {isa = PBXFileReference; lastKnownFileType = image.png; path = loginScreen1136.png; sourceTree = "<group>"; };
		D491866E18FB0D9B00B70233 /* background1008.png */ = {isa = PBXFileReference; lastKnownFileType = image.png; path = background1008.png; sourceTree = "<group>"; };
		D4B8754D19004044009FF0C2 /* OefeningenViewController.h */ = {isa = PBXFileReference; fileEncoding = 4; lastKnownFileType = sourcecode.c.h; path = OefeningenViewController.h; sourceTree = "<group>"; };
		D4B8754E19004044009FF0C2 /* OefeningenViewController.m */ = {isa = PBXFileReference; fileEncoding = 4; lastKnownFileType = sourcecode.c.objc; path = OefeningenViewController.m; sourceTree = "<group>"; };
/* End PBXFileReference section */

/* Begin PBXFrameworksBuildPhase section */
		1BC0D84218F835B300789C6C /* Frameworks */ = {
			isa = PBXFrameworksBuildPhase;
			buildActionMask = 2147483647;
			files = (
				1BC0D84B18F835B300789C6C /* CoreGraphics.framework in Frameworks */,
				1BC0D84D18F835B300789C6C /* UIKit.framework in Frameworks */,
				1BC0D84918F835B300789C6C /* Foundation.framework in Frameworks */,
			);
			runOnlyForDeploymentPostprocessing = 0;
		};
		1BC0D86318F835B300789C6C /* Frameworks */ = {
			isa = PBXFrameworksBuildPhase;
			buildActionMask = 2147483647;
			files = (
				1BC0D86818F835B300789C6C /* XCTest.framework in Frameworks */,
				1BC0D86A18F835B300789C6C /* UIKit.framework in Frameworks */,
				1BC0D86918F835B300789C6C /* Foundation.framework in Frameworks */,
			);
			runOnlyForDeploymentPostprocessing = 0;
		};
/* End PBXFrameworksBuildPhase section */

/* Begin PBXGroup section */
		1BC0D83C18F835B300789C6C = {
			isa = PBXGroup;
			children = (
				1BC0D84E18F835B300789C6C /* AjaxAgendaApp */,
				1BC0D86D18F835B300789C6C /* AjaxAgendaAppTests */,
				1BC0D84718F835B300789C6C /* Frameworks */,
				1BC0D84618F835B300789C6C /* Products */,
			);
			sourceTree = "<group>";
		};
		1BC0D84618F835B300789C6C /* Products */ = {
			isa = PBXGroup;
			children = (
				1BC0D84518F835B300789C6C /* AjaxAgendaApp.app */,
				1BC0D86618F835B300789C6C /* AjaxAgendaAppTests.xctest */,
			);
			name = Products;
			sourceTree = "<group>";
		};
		1BC0D84718F835B300789C6C /* Frameworks */ = {
			isa = PBXGroup;
			children = (
				1BC0D84818F835B300789C6C /* Foundation.framework */,
				1BC0D84A18F835B300789C6C /* CoreGraphics.framework */,
				1BC0D84C18F835B300789C6C /* UIKit.framework */,
				1BC0D86718F835B300789C6C /* XCTest.framework */,
			);
			name = Frameworks;
			sourceTree = "<group>";
		};
		1BC0D84E18F835B300789C6C /* AjaxAgendaApp */ = {
			isa = PBXGroup;
			children = (
				1BC0D85718F835B300789C6C /* AppDelegate.h */,
				1BC0D85818F835B300789C6C /* AppDelegate.m */,
				1BC0D85A18F835B300789C6C /* Main.storyboard */,
				1BC0D85D18F835B300789C6C /* LoginViewController.h */,
				1BC0D85E18F835B300789C6C /* LoginViewController.m */,
				D491866A18FA9BFB00B70233 /* MenuViewController.h */,
				D491866B18FA9BFB00B70233 /* MenuViewController.m */,
				D487280B18FB28E4005CD739 /* TrainingInfoViewController.h */,
				D487280C18FB28E4005CD739 /* TrainingInfoViewController.m */,
				D4B8754D19004044009FF0C2 /* OefeningenViewController.h */,
				D4B8754E19004044009FF0C2 /* OefeningenViewController.m */,
				D42856D21902CFB300077467 /* SelectPlayersViewController.h */,
				D42856D31902CFB300077467 /* SelectPlayersViewController.m */,
				D42856D51902EA8200077467 /* Player.h */,
				D42856D61902EA8200077467 /* Player.m */,
				D42856DB1902EC4E00077467 /* Team.h */,
				D42856DC1902EC4E00077467 /* Team.m */,
				1BC0D86018F835B300789C6C /* Images.xcassets */,
				1BC0D84F18F835B300789C6C /* Supporting Files */,
			);
			path = AjaxAgendaApp;
			sourceTree = "<group>";
		};
		1BC0D84F18F835B300789C6C /* Supporting Files */ = {
			isa = PBXGroup;
			children = (
				D491866D18FB0D9B00B70233 /* loginScreen1136.png */,
				D491866E18FB0D9B00B70233 /* background1008.png */,
				1BC0D85018F835B300789C6C /* AjaxAgendaApp-Info.plist */,
				1BC0D85118F835B300789C6C /* InfoPlist.strings */,
				1BC0D85418F835B300789C6C /* main.m */,
				1BC0D85618F835B300789C6C /* AjaxAgendaApp-Prefix.pch */,
			);
			name = "Supporting Files";
			sourceTree = "<group>";
		};
		1BC0D86D18F835B300789C6C /* AjaxAgendaAppTests */ = {
			isa = PBXGroup;
			children = (
				1BC0D87318F835B300789C6C /* AjaxAgendaAppTests.m */,
				1BC0D86E18F835B300789C6C /* Supporting Files */,
			);
			path = AjaxAgendaAppTests;
			sourceTree = "<group>";
		};
		1BC0D86E18F835B300789C6C /* Supporting Files */ = {
			isa = PBXGroup;
			children = (
				1BC0D86F18F835B300789C6C /* AjaxAgendaAppTests-Info.plist */,
				1BC0D87018F835B300789C6C /* InfoPlist.strings */,
			);
			name = "Supporting Files";
			sourceTree = "<group>";
		};
/* End PBXGroup section */

/* Begin PBXNativeTarget section */
		1BC0D84418F835B300789C6C /* AjaxAgendaApp */ = {
			isa = PBXNativeTarget;
			buildConfigurationList = 1BC0D87718F835B300789C6C /* Build configuration list for PBXNativeTarget "AjaxAgendaApp" */;
			buildPhases = (
				1BC0D84118F835B300789C6C /* Sources */,
				1BC0D84218F835B300789C6C /* Frameworks */,
				1BC0D84318F835B300789C6C /* Resources */,
			);
			buildRules = (
			);
			dependencies = (
			);
			name = AjaxAgendaApp;
			productName = AjaxAgendaApp;
			productReference = 1BC0D84518F835B300789C6C /* AjaxAgendaApp.app */;
			productType = "com.apple.product-type.application";
		};
		1BC0D86518F835B300789C6C /* AjaxAgendaAppTests */ = {
			isa = PBXNativeTarget;
			buildConfigurationList = 1BC0D87A18F835B300789C6C /* Build configuration list for PBXNativeTarget "AjaxAgendaAppTests" */;
			buildPhases = (
				1BC0D86218F835B300789C6C /* Sources */,
				1BC0D86318F835B300789C6C /* Frameworks */,
				1BC0D86418F835B300789C6C /* Resources */,
			);
			buildRules = (
			);
			dependencies = (
				1BC0D86C18F835B300789C6C /* PBXTargetDependency */,
			);
			name = AjaxAgendaAppTests;
			productName = AjaxAgendaAppTests;
			productReference = 1BC0D86618F835B300789C6C /* AjaxAgendaAppTests.xctest */;
			productType = "com.apple.product-type.bundle.unit-test";
		};
/* End PBXNativeTarget section */

/* Begin PBXProject section */
		1BC0D83D18F835B300789C6C /* Project object */ = {
			isa = PBXProject;
			attributes = {
				LastUpgradeCheck = 0510;
				ORGANIZATIONNAME = "Prove IT";
				TargetAttributes = {
					1BC0D86518F835B300789C6C = {
						TestTargetID = 1BC0D84418F835B300789C6C;
					};
				};
			};
			buildConfigurationList = 1BC0D84018F835B300789C6C /* Build configuration list for PBXProject "AjaxAgendaApp" */;
			compatibilityVersion = "Xcode 3.2";
			developmentRegion = English;
			hasScannedForEncodings = 0;
			knownRegions = (
				en,
				Base,
			);
			mainGroup = 1BC0D83C18F835B300789C6C;
			productRefGroup = 1BC0D84618F835B300789C6C /* Products */;
			projectDirPath = "";
			projectRoot = "";
			targets = (
				1BC0D84418F835B300789C6C /* AjaxAgendaApp */,
				1BC0D86518F835B300789C6C /* AjaxAgendaAppTests */,
			);
		};
/* End PBXProject section */

/* Begin PBXResourcesBuildPhase section */
		1BC0D84318F835B300789C6C /* Resources */ = {
			isa = PBXResourcesBuildPhase;
			buildActionMask = 2147483647;
			files = (
				1BC0D86118F835B300789C6C /* Images.xcassets in Resources */,
				1BC0D85318F835B300789C6C /* InfoPlist.strings in Resources */,
				D491866F18FB0D9B00B70233 /* loginScreen1136.png in Resources */,
				D491867018FB0D9B00B70233 /* background1008.png in Resources */,
				1BC0D85C18F835B300789C6C /* Main.storyboard in Resources */,
			);
			runOnlyForDeploymentPostprocessing = 0;
		};
		1BC0D86418F835B300789C6C /* Resources */ = {
			isa = PBXResourcesBuildPhase;
			buildActionMask = 2147483647;
			files = (
				1BC0D87218F835B300789C6C /* InfoPlist.strings in Resources */,
			);
			runOnlyForDeploymentPostprocessing = 0;
		};
/* End PBXResourcesBuildPhase section */

/* Begin PBXSourcesBuildPhase section */
		1BC0D84118F835B300789C6C /* Sources */ = {
			isa = PBXSourcesBuildPhase;
			buildActionMask = 2147483647;
			files = (
				D42856D71902EA8200077467 /* Player.m in Sources */,
				D42856D41902CFB300077467 /* SelectPlayersViewController.m in Sources */,
				D4B8754F19004044009FF0C2 /* OefeningenViewController.m in Sources */,
				1BC0D85F18F835B300789C6C /* LoginViewController.m in Sources */,
				D42856DD1902EC4E00077467 /* Team.m in Sources */,
				1BC0D85918F835B300789C6C /* AppDelegate.m in Sources */,
				D487280D18FB28E4005CD739 /* TrainingInfoViewController.m in Sources */,
				1BC0D85518F835B300789C6C /* main.m in Sources */,
				D491866C18FA9BFB00B70233 /* MenuViewController.m in Sources */,
			);
			runOnlyForDeploymentPostprocessing = 0;
		};
		1BC0D86218F835B300789C6C /* Sources */ = {
			isa = PBXSourcesBuildPhase;
			buildActionMask = 2147483647;
			files = (
				1BC0D87418F835B300789C6C /* AjaxAgendaAppTests.m in Sources */,
			);
			runOnlyForDeploymentPostprocessing = 0;
		};
/* End PBXSourcesBuildPhase section */

/* Begin PBXTargetDependency section */
		1BC0D86C18F835B300789C6C /* PBXTargetDependency */ = {
			isa = PBXTargetDependency;
			target = 1BC0D84418F835B300789C6C /* AjaxAgendaApp */;
			targetProxy = 1BC0D86B18F835B300789C6C /* PBXContainerItemProxy */;
		};
/* End PBXTargetDependency section */

/* Begin PBXVariantGroup section */
		1BC0D85118F835B300789C6C /* InfoPlist.strings */ = {
			isa = PBXVariantGroup;
			children = (
				1BC0D85218F835B300789C6C /* en */,
			);
			name = InfoPlist.strings;
			sourceTree = "<group>";
		};
		1BC0D85A18F835B300789C6C /* Main.storyboard */ = {
			isa = PBXVariantGroup;
			children = (
				1BC0D85B18F835B300789C6C /* Base */,
			);
			name = Main.storyboard;
			sourceTree = "<group>";
		};
		1BC0D87018F835B300789C6C /* InfoPlist.strings */ = {
			isa = PBXVariantGroup;
			children = (
				1BC0D87118F835B300789C6C /* en */,
			);
			name = InfoPlist.strings;
			sourceTree = "<group>";
		};
/* End PBXVariantGroup section */

/* Begin XCBuildConfiguration section */
		1BC0D87518F835B300789C6C /* Debug */ = {
			isa = XCBuildConfiguration;
			buildSettings = {
				ALWAYS_SEARCH_USER_PATHS = NO;
				CLANG_CXX_LANGUAGE_STANDARD = "gnu++0x";
				CLANG_CXX_LIBRARY = "libc++";
				CLANG_ENABLE_MODULES = YES;
				CLANG_ENABLE_OBJC_ARC = YES;
				CLANG_WARN_BOOL_CONVERSION = YES;
				CLANG_WARN_CONSTANT_CONVERSION = YES;
				CLANG_WARN_DIRECT_OBJC_ISA_USAGE = YES_ERROR;
				CLANG_WARN_EMPTY_BODY = YES;
				CLANG_WARN_ENUM_CONVERSION = YES;
				CLANG_WARN_INT_CONVERSION = YES;
				CLANG_WARN_OBJC_ROOT_CLASS = YES_ERROR;
				CLANG_WARN__DUPLICATE_METHOD_MATCH = YES;
				"CODE_SIGN_IDENTITY[sdk=iphoneos*]" = "iPhone Developer";
				COPY_PHASE_STRIP = NO;
				GCC_C_LANGUAGE_STANDARD = gnu99;
				GCC_DYNAMIC_NO_PIC = NO;
				GCC_OPTIMIZATION_LEVEL = 0;
				GCC_PREPROCESSOR_DEFINITIONS = (
					"DEBUG=1",
					"$(inherited)",
				);
				GCC_SYMBOLS_PRIVATE_EXTERN = NO;
				GCC_WARN_64_TO_32_BIT_CONVERSION = YES;
				GCC_WARN_ABOUT_RETURN_TYPE = YES_ERROR;
				GCC_WARN_UNDECLARED_SELECTOR = YES;
				GCC_WARN_UNINITIALIZED_AUTOS = YES_AGGRESSIVE;
				GCC_WARN_UNUSED_FUNCTION = YES;
				GCC_WARN_UNUSED_VARIABLE = YES;
				IPHONEOS_DEPLOYMENT_TARGET = 7.1;
				ONLY_ACTIVE_ARCH = YES;
				SDKROOT = iphoneos;
			};
			name = Debug;
		};
		1BC0D87618F835B300789C6C /* Release */ = {
			isa = XCBuildConfiguration;
			buildSettings = {
				ALWAYS_SEARCH_USER_PATHS = NO;
				CLANG_CXX_LANGUAGE_STANDARD = "gnu++0x";
				CLANG_CXX_LIBRARY = "libc++";
				CLANG_ENABLE_MODULES = YES;
				CLANG_ENABLE_OBJC_ARC = YES;
				CLANG_WARN_BOOL_CONVERSION = YES;
				CLANG_WARN_CONSTANT_CONVERSION = YES;
				CLANG_WARN_DIRECT_OBJC_ISA_USAGE = YES_ERROR;
				CLANG_WARN_EMPTY_BODY = YES;
				CLANG_WARN_ENUM_CONVERSION = YES;
				CLANG_WARN_INT_CONVERSION = YES;
				CLANG_WARN_OBJC_ROOT_CLASS = YES_ERROR;
				CLANG_WARN__DUPLICATE_METHOD_MATCH = YES;
				"CODE_SIGN_IDENTITY[sdk=iphoneos*]" = "iPhone Developer";
				COPY_PHASE_STRIP = YES;
				ENABLE_NS_ASSERTIONS = NO;
				GCC_C_LANGUAGE_STANDARD = gnu99;
				GCC_WARN_64_TO_32_BIT_CONVERSION = YES;
				GCC_WARN_ABOUT_RETURN_TYPE = YES_ERROR;
				GCC_WARN_UNDECLARED_SELECTOR = YES;
				GCC_WARN_UNINITIALIZED_AUTOS = YES_AGGRESSIVE;
				GCC_WARN_UNUSED_FUNCTION = YES;
				GCC_WARN_UNUSED_VARIABLE = YES;
				IPHONEOS_DEPLOYMENT_TARGET = 7.1;
				SDKROOT = iphoneos;
				VALIDATE_PRODUCT = YES;
			};
			name = Release;
		};
		1BC0D87818F835B300789C6C /* Debug */ = {
			isa = XCBuildConfiguration;
			buildSettings = {
				ASSETCATALOG_COMPILER_APPICON_NAME = AppIcon;
				ASSETCATALOG_COMPILER_LAUNCHIMAGE_NAME = LaunchImage;
				GCC_PRECOMPILE_PREFIX_HEADER = YES;
				GCC_PREFIX_HEADER = "AjaxAgendaApp/AjaxAgendaApp-Prefix.pch";
				INFOPLIST_FILE = "AjaxAgendaApp/AjaxAgendaApp-Info.plist";
				PRODUCT_NAME = "$(TARGET_NAME)";
				WRAPPER_EXTENSION = app;
			};
			name = Debug;
		};
		1BC0D87918F835B300789C6C /* Release */ = {
			isa = XCBuildConfiguration;
			buildSettings = {
				ASSETCATALOG_COMPILER_APPICON_NAME = AppIcon;
				ASSETCATALOG_COMPILER_LAUNCHIMAGE_NAME = LaunchImage;
				GCC_PRECOMPILE_PREFIX_HEADER = YES;
				GCC_PREFIX_HEADER = "AjaxAgendaApp/AjaxAgendaApp-Prefix.pch";
				INFOPLIST_FILE = "AjaxAgendaApp/AjaxAgendaApp-Info.plist";
				PRODUCT_NAME = "$(TARGET_NAME)";
				WRAPPER_EXTENSION = app;
			};
			name = Release;
		};
		1BC0D87B18F835B300789C6C /* Debug */ = {
			isa = XCBuildConfiguration;
			buildSettings = {
				BUNDLE_LOADER = "$(BUILT_PRODUCTS_DIR)/AjaxAgendaApp.app/AjaxAgendaApp";
				FRAMEWORK_SEARCH_PATHS = (
					"$(SDKROOT)/Developer/Library/Frameworks",
					"$(inherited)",
					"$(DEVELOPER_FRAMEWORKS_DIR)",
				);
				GCC_PRECOMPILE_PREFIX_HEADER = YES;
				GCC_PREFIX_HEADER = "AjaxAgendaApp/AjaxAgendaApp-Prefix.pch";
				GCC_PREPROCESSOR_DEFINITIONS = (
					"DEBUG=1",
					"$(inherited)",
				);
				INFOPLIST_FILE = "AjaxAgendaAppTests/AjaxAgendaAppTests-Info.plist";
				PRODUCT_NAME = "$(TARGET_NAME)";
				TEST_HOST = "$(BUNDLE_LOADER)";
				WRAPPER_EXTENSION = xctest;
			};
			name = Debug;
		};
		1BC0D87C18F835B300789C6C /* Release */ = {
			isa = XCBuildConfiguration;
			buildSettings = {
				BUNDLE_LOADER = "$(BUILT_PRODUCTS_DIR)/AjaxAgendaApp.app/AjaxAgendaApp";
				FRAMEWORK_SEARCH_PATHS = (
					"$(SDKROOT)/Developer/Library/Frameworks",
					"$(inherited)",
					"$(DEVELOPER_FRAMEWORKS_DIR)",
				);
				GCC_PRECOMPILE_PREFIX_HEADER = YES;
				GCC_PREFIX_HEADER = "AjaxAgendaApp/AjaxAgendaApp-Prefix.pch";
				INFOPLIST_FILE = "AjaxAgendaAppTests/AjaxAgendaAppTests-Info.plist";
				PRODUCT_NAME = "$(TARGET_NAME)";
				TEST_HOST = "$(BUNDLE_LOADER)";
				WRAPPER_EXTENSION = xctest;
			};
			name = Release;
		};
/* End XCBuildConfiguration section */

/* Begin XCConfigurationList section */
		1BC0D84018F835B300789C6C /* Build configuration list for PBXProject "AjaxAgendaApp" */ = {
			isa = XCConfigurationList;
			buildConfigurations = (
				1BC0D87518F835B300789C6C /* Debug */,
				1BC0D87618F835B300789C6C /* Release */,
			);
			defaultConfigurationIsVisible = 0;
			defaultConfigurationName = Release;
		};
		1BC0D87718F835B300789C6C /* Build configuration list for PBXNativeTarget "AjaxAgendaApp" */ = {
			isa = XCConfigurationList;
			buildConfigurations = (
				1BC0D87818F835B300789C6C /* Debug */,
				1BC0D87918F835B300789C6C /* Release */,
			);
			defaultConfigurationIsVisible = 0;
			defaultConfigurationName = Release;
		};
		1BC0D87A18F835B300789C6C /* Build configuration list for PBXNativeTarget "AjaxAgendaAppTests" */ = {
			isa = XCConfigurationList;
			buildConfigurations = (
				1BC0D87B18F835B300789C6C /* Debug */,
				1BC0D87C18F835B300789C6C /* Release */,
			);
			defaultConfigurationIsVisible = 0;
			defaultConfigurationName = Release;
		};
/* End XCConfigurationList section */
	};
	rootObject = 1BC0D83D18F835B300789C6C /* Project object */;
}
