// !$*UTF8*$!
{
	archiveVersion = 1;
	classes = {
	};
	objectVersion = 46;
	objects = {

/* Begin PBXBuildFile section */
		1BFD107F18E09B7500AF08A6 /* Foundation.framework in Frameworks */ = {isa = PBXBuildFile; fileRef = 1BFD107E18E09B7500AF08A6 /* Foundation.framework */; };
		1BFD108118E09B7500AF08A6 /* CoreGraphics.framework in Frameworks */ = {isa = PBXBuildFile; fileRef = 1BFD108018E09B7500AF08A6 /* CoreGraphics.framework */; };
		1BFD108318E09B7500AF08A6 /* UIKit.framework in Frameworks */ = {isa = PBXBuildFile; fileRef = 1BFD108218E09B7500AF08A6 /* UIKit.framework */; };
		1BFD108918E09B7500AF08A6 /* InfoPlist.strings in Resources */ = {isa = PBXBuildFile; fileRef = 1BFD108718E09B7500AF08A6 /* InfoPlist.strings */; };
		1BFD108B18E09B7500AF08A6 /* main.m in Sources */ = {isa = PBXBuildFile; fileRef = 1BFD108A18E09B7500AF08A6 /* main.m */; };
		1BFD108F18E09B7500AF08A6 /* AppDelegate.m in Sources */ = {isa = PBXBuildFile; fileRef = 1BFD108E18E09B7500AF08A6 /* AppDelegate.m */; };
		1BFD109218E09B7500AF08A6 /* Main.storyboard in Resources */ = {isa = PBXBuildFile; fileRef = 1BFD109018E09B7500AF08A6 /* Main.storyboard */; };
		1BFD109718E09B7500AF08A6 /* Images.xcassets in Resources */ = {isa = PBXBuildFile; fileRef = 1BFD109618E09B7500AF08A6 /* Images.xcassets */; };
		1BFD109E18E09B7500AF08A6 /* XCTest.framework in Frameworks */ = {isa = PBXBuildFile; fileRef = 1BFD109D18E09B7500AF08A6 /* XCTest.framework */; };
		1BFD109F18E09B7500AF08A6 /* Foundation.framework in Frameworks */ = {isa = PBXBuildFile; fileRef = 1BFD107E18E09B7500AF08A6 /* Foundation.framework */; };
		1BFD10A018E09B7500AF08A6 /* UIKit.framework in Frameworks */ = {isa = PBXBuildFile; fileRef = 1BFD108218E09B7500AF08A6 /* UIKit.framework */; };
		1BFD10A818E09B7500AF08A6 /* InfoPlist.strings in Resources */ = {isa = PBXBuildFile; fileRef = 1BFD10A618E09B7500AF08A6 /* InfoPlist.strings */; };
		1BFD10AA18E09B7500AF08A6 /* AjaxAgendaAppTests.m in Sources */ = {isa = PBXBuildFile; fileRef = 1BFD10A918E09B7500AF08A6 /* AjaxAgendaAppTests.m */; };
		D4349E9918E0B2D5002FF7F5 /* LoginViewController.m in Sources */ = {isa = PBXBuildFile; fileRef = D4349E9818E0B2D5002FF7F5 /* LoginViewController.m */; };
		D4BB836818E0AA3200808342 /* background1008.png in Resources */ = {isa = PBXBuildFile; fileRef = D4BB836718E0AA3200808342 /* background1008.png */; };
		D4BB836C18E0AA5E00808342 /* loginScreen1136.png in Resources */ = {isa = PBXBuildFile; fileRef = D4BB836B18E0AA5E00808342 /* loginScreen1136.png */; };
		D4E75E6C18E425F3009735DB /* TrainingOverzichtViewController.m in Sources */ = {isa = PBXBuildFile; fileRef = D4E75E6B18E425F3009735DB /* TrainingOverzichtViewController.m */; };
		D4EC762018E2E6C300045E20 /* MenuViewController.m in Sources */ = {isa = PBXBuildFile; fileRef = D4EC761F18E2E6C300045E20 /* MenuViewController.m */; };
/* End PBXBuildFile section */

/* Begin PBXContainerItemProxy section */
		1BFD10A118E09B7500AF08A6 /* PBXContainerItemProxy */ = {
			isa = PBXContainerItemProxy;
			containerPortal = 1BFD107318E09B7500AF08A6 /* Project object */;
			proxyType = 1;
			remoteGlobalIDString = 1BFD107A18E09B7500AF08A6;
			remoteInfo = AjaxAgendaApp;
		};
/* End PBXContainerItemProxy section */

/* Begin PBXFileReference section */
		1BFD107B18E09B7500AF08A6 /* AjaxAgendaApp.app */ = {isa = PBXFileReference; explicitFileType = wrapper.application; includeInIndex = 0; path = AjaxAgendaApp.app; sourceTree = BUILT_PRODUCTS_DIR; };
		1BFD107E18E09B7500AF08A6 /* Foundation.framework */ = {isa = PBXFileReference; lastKnownFileType = wrapper.framework; name = Foundation.framework; path = System/Library/Frameworks/Foundation.framework; sourceTree = SDKROOT; };
		1BFD108018E09B7500AF08A6 /* CoreGraphics.framework */ = {isa = PBXFileReference; lastKnownFileType = wrapper.framework; name = CoreGraphics.framework; path = System/Library/Frameworks/CoreGraphics.framework; sourceTree = SDKROOT; };
		1BFD108218E09B7500AF08A6 /* UIKit.framework */ = {isa = PBXFileReference; lastKnownFileType = wrapper.framework; name = UIKit.framework; path = System/Library/Frameworks/UIKit.framework; sourceTree = SDKROOT; };
		1BFD108618E09B7500AF08A6 /* AjaxAgendaApp-Info.plist */ = {isa = PBXFileReference; lastKnownFileType = text.plist.xml; path = "AjaxAgendaApp-Info.plist"; sourceTree = "<group>"; };
		1BFD108818E09B7500AF08A6 /* en */ = {isa = PBXFileReference; lastKnownFileType = text.plist.strings; name = en; path = en.lproj/InfoPlist.strings; sourceTree = "<group>"; };
		1BFD108A18E09B7500AF08A6 /* main.m */ = {isa = PBXFileReference; lastKnownFileType = sourcecode.c.objc; path = main.m; sourceTree = "<group>"; };
		1BFD108C18E09B7500AF08A6 /* AjaxAgendaApp-Prefix.pch */ = {isa = PBXFileReference; lastKnownFileType = sourcecode.c.h; path = "AjaxAgendaApp-Prefix.pch"; sourceTree = "<group>"; };
		1BFD108D18E09B7500AF08A6 /* AppDelegate.h */ = {isa = PBXFileReference; lastKnownFileType = sourcecode.c.h; path = AppDelegate.h; sourceTree = "<group>"; };
		1BFD108E18E09B7500AF08A6 /* AppDelegate.m */ = {isa = PBXFileReference; lastKnownFileType = sourcecode.c.objc; path = AppDelegate.m; sourceTree = "<group>"; };
		1BFD109118E09B7500AF08A6 /* Base */ = {isa = PBXFileReference; lastKnownFileType = file.storyboard; name = Base; path = Base.lproj/Main.storyboard; sourceTree = "<group>"; };
		1BFD109618E09B7500AF08A6 /* Images.xcassets */ = {isa = PBXFileReference; lastKnownFileType = folder.assetcatalog; path = Images.xcassets; sourceTree = "<group>"; };
		1BFD109C18E09B7500AF08A6 /* AjaxAgendaAppTests.xctest */ = {isa = PBXFileReference; explicitFileType = wrapper.cfbundle; includeInIndex = 0; path = AjaxAgendaAppTests.xctest; sourceTree = BUILT_PRODUCTS_DIR; };
		1BFD109D18E09B7500AF08A6 /* XCTest.framework */ = {isa = PBXFileReference; lastKnownFileType = wrapper.framework; name = XCTest.framework; path = Library/Frameworks/XCTest.framework; sourceTree = DEVELOPER_DIR; };
		1BFD10A518E09B7500AF08A6 /* AjaxAgendaAppTests-Info.plist */ = {isa = PBXFileReference; lastKnownFileType = text.plist.xml; path = "AjaxAgendaAppTests-Info.plist"; sourceTree = "<group>"; };
		1BFD10A718E09B7500AF08A6 /* en */ = {isa = PBXFileReference; lastKnownFileType = text.plist.strings; name = en; path = en.lproj/InfoPlist.strings; sourceTree = "<group>"; };
		1BFD10A918E09B7500AF08A6 /* AjaxAgendaAppTests.m */ = {isa = PBXFileReference; lastKnownFileType = sourcecode.c.objc; path = AjaxAgendaAppTests.m; sourceTree = "<group>"; };
		D4349E9718E0B2D5002FF7F5 /* LoginViewController.h */ = {isa = PBXFileReference; fileEncoding = 4; lastKnownFileType = sourcecode.c.h; path = LoginViewController.h; sourceTree = "<group>"; };
		D4349E9818E0B2D5002FF7F5 /* LoginViewController.m */ = {isa = PBXFileReference; fileEncoding = 4; lastKnownFileType = sourcecode.c.objc; path = LoginViewController.m; sourceTree = "<group>"; };
		D4BB836718E0AA3200808342 /* background1008.png */ = {isa = PBXFileReference; lastKnownFileType = image.png; path = background1008.png; sourceTree = "<group>"; };
		D4BB836B18E0AA5E00808342 /* loginScreen1136.png */ = {isa = PBXFileReference; lastKnownFileType = image.png; path = loginScreen1136.png; sourceTree = "<group>"; };
		D4E75E6A18E425F3009735DB /* TrainingOverzichtViewController.h */ = {isa = PBXFileReference; fileEncoding = 4; lastKnownFileType = sourcecode.c.h; path = TrainingOverzichtViewController.h; sourceTree = "<group>"; };
		D4E75E6B18E425F3009735DB /* TrainingOverzichtViewController.m */ = {isa = PBXFileReference; fileEncoding = 4; lastKnownFileType = sourcecode.c.objc; path = TrainingOverzichtViewController.m; sourceTree = "<group>"; };
		D4EC761E18E2E6C300045E20 /* MenuViewController.h */ = {isa = PBXFileReference; fileEncoding = 4; lastKnownFileType = sourcecode.c.h; path = MenuViewController.h; sourceTree = "<group>"; };
		D4EC761F18E2E6C300045E20 /* MenuViewController.m */ = {isa = PBXFileReference; fileEncoding = 4; lastKnownFileType = sourcecode.c.objc; path = MenuViewController.m; sourceTree = "<group>"; };
/* End PBXFileReference section */

/* Begin PBXFrameworksBuildPhase section */
		1BFD107818E09B7500AF08A6 /* Frameworks */ = {
			isa = PBXFrameworksBuildPhase;
			buildActionMask = 2147483647;
			files = (
				1BFD108118E09B7500AF08A6 /* CoreGraphics.framework in Frameworks */,
				1BFD108318E09B7500AF08A6 /* UIKit.framework in Frameworks */,
				1BFD107F18E09B7500AF08A6 /* Foundation.framework in Frameworks */,
			);
			runOnlyForDeploymentPostprocessing = 0;
		};
		1BFD109918E09B7500AF08A6 /* Frameworks */ = {
			isa = PBXFrameworksBuildPhase;
			buildActionMask = 2147483647;
			files = (
				1BFD109E18E09B7500AF08A6 /* XCTest.framework in Frameworks */,
				1BFD10A018E09B7500AF08A6 /* UIKit.framework in Frameworks */,
				1BFD109F18E09B7500AF08A6 /* Foundation.framework in Frameworks */,
			);
			runOnlyForDeploymentPostprocessing = 0;
		};
/* End PBXFrameworksBuildPhase section */

/* Begin PBXGroup section */
		1BFD107218E09B7500AF08A6 = {
			isa = PBXGroup;
			children = (
				1BFD108418E09B7500AF08A6 /* AjaxAgendaApp */,
				1BFD10A318E09B7500AF08A6 /* AjaxAgendaAppTests */,
				1BFD107D18E09B7500AF08A6 /* Frameworks */,
				1BFD107C18E09B7500AF08A6 /* Products */,
			);
			sourceTree = "<group>";
		};
		1BFD107C18E09B7500AF08A6 /* Products */ = {
			isa = PBXGroup;
			children = (
				1BFD107B18E09B7500AF08A6 /* AjaxAgendaApp.app */,
				1BFD109C18E09B7500AF08A6 /* AjaxAgendaAppTests.xctest */,
			);
			name = Products;
			sourceTree = "<group>";
		};
		1BFD107D18E09B7500AF08A6 /* Frameworks */ = {
			isa = PBXGroup;
			children = (
				1BFD107E18E09B7500AF08A6 /* Foundation.framework */,
				1BFD108018E09B7500AF08A6 /* CoreGraphics.framework */,
				1BFD108218E09B7500AF08A6 /* UIKit.framework */,
				1BFD109D18E09B7500AF08A6 /* XCTest.framework */,
			);
			name = Frameworks;
			sourceTree = "<group>";
		};
		1BFD108418E09B7500AF08A6 /* AjaxAgendaApp */ = {
			isa = PBXGroup;
			children = (
				1BFD108D18E09B7500AF08A6 /* AppDelegate.h */,
				1BFD108E18E09B7500AF08A6 /* AppDelegate.m */,
				1BFD109018E09B7500AF08A6 /* Main.storyboard */,
				D4349E9718E0B2D5002FF7F5 /* LoginViewController.h */,
				D4349E9818E0B2D5002FF7F5 /* LoginViewController.m */,
				D4EC761E18E2E6C300045E20 /* MenuViewController.h */,
				D4EC761F18E2E6C300045E20 /* MenuViewController.m */,
				D4E75E6A18E425F3009735DB /* TrainingOverzichtViewController.h */,
				D4E75E6B18E425F3009735DB /* TrainingOverzichtViewController.m */,
				1BFD109618E09B7500AF08A6 /* Images.xcassets */,
				1BFD108518E09B7500AF08A6 /* Supporting Files */,
			);
			path = AjaxAgendaApp;
			sourceTree = "<group>";
		};
		1BFD108518E09B7500AF08A6 /* Supporting Files */ = {
			isa = PBXGroup;
			children = (
				D4BB836B18E0AA5E00808342 /* loginScreen1136.png */,
				D4BB836718E0AA3200808342 /* background1008.png */,
				1BFD108618E09B7500AF08A6 /* AjaxAgendaApp-Info.plist */,
				1BFD108718E09B7500AF08A6 /* InfoPlist.strings */,
				1BFD108A18E09B7500AF08A6 /* main.m */,
				1BFD108C18E09B7500AF08A6 /* AjaxAgendaApp-Prefix.pch */,
			);
			name = "Supporting Files";
			sourceTree = "<group>";
		};
		1BFD10A318E09B7500AF08A6 /* AjaxAgendaAppTests */ = {
			isa = PBXGroup;
			children = (
				1BFD10A918E09B7500AF08A6 /* AjaxAgendaAppTests.m */,
				1BFD10A418E09B7500AF08A6 /* Supporting Files */,
			);
			path = AjaxAgendaAppTests;
			sourceTree = "<group>";
		};
		1BFD10A418E09B7500AF08A6 /* Supporting Files */ = {
			isa = PBXGroup;
			children = (
				1BFD10A518E09B7500AF08A6 /* AjaxAgendaAppTests-Info.plist */,
				1BFD10A618E09B7500AF08A6 /* InfoPlist.strings */,
			);
			name = "Supporting Files";
			sourceTree = "<group>";
		};
/* End PBXGroup section */

/* Begin PBXNativeTarget section */
		1BFD107A18E09B7500AF08A6 /* AjaxAgendaApp */ = {
			isa = PBXNativeTarget;
			buildConfigurationList = 1BFD10AD18E09B7500AF08A6 /* Build configuration list for PBXNativeTarget "AjaxAgendaApp" */;
			buildPhases = (
				1BFD107718E09B7500AF08A6 /* Sources */,
				1BFD107818E09B7500AF08A6 /* Frameworks */,
				1BFD107918E09B7500AF08A6 /* Resources */,
			);
			buildRules = (
			);
			dependencies = (
			);
			name = AjaxAgendaApp;
			productName = AjaxAgendaApp;
			productReference = 1BFD107B18E09B7500AF08A6 /* AjaxAgendaApp.app */;
			productType = "com.apple.product-type.application";
		};
		1BFD109B18E09B7500AF08A6 /* AjaxAgendaAppTests */ = {
			isa = PBXNativeTarget;
			buildConfigurationList = 1BFD10B018E09B7500AF08A6 /* Build configuration list for PBXNativeTarget "AjaxAgendaAppTests" */;
			buildPhases = (
				1BFD109818E09B7500AF08A6 /* Sources */,
				1BFD109918E09B7500AF08A6 /* Frameworks */,
				1BFD109A18E09B7500AF08A6 /* Resources */,
			);
			buildRules = (
			);
			dependencies = (
				1BFD10A218E09B7500AF08A6 /* PBXTargetDependency */,
			);
			name = AjaxAgendaAppTests;
			productName = AjaxAgendaAppTests;
			productReference = 1BFD109C18E09B7500AF08A6 /* AjaxAgendaAppTests.xctest */;
			productType = "com.apple.product-type.bundle.unit-test";
		};
/* End PBXNativeTarget section */

/* Begin PBXProject section */
		1BFD107318E09B7500AF08A6 /* Project object */ = {
			isa = PBXProject;
			attributes = {
				LastUpgradeCheck = 0510;
				ORGANIZATIONNAME = "Prove IT";
				TargetAttributes = {
					1BFD109B18E09B7500AF08A6 = {
						TestTargetID = 1BFD107A18E09B7500AF08A6;
					};
				};
			};
			buildConfigurationList = 1BFD107618E09B7500AF08A6 /* Build configuration list for PBXProject "AjaxAgendaApp" */;
			compatibilityVersion = "Xcode 3.2";
			developmentRegion = English;
			hasScannedForEncodings = 0;
			knownRegions = (
				en,
				Base,
			);
			mainGroup = 1BFD107218E09B7500AF08A6;
			productRefGroup = 1BFD107C18E09B7500AF08A6 /* Products */;
			projectDirPath = "";
			projectRoot = "";
			targets = (
				1BFD107A18E09B7500AF08A6 /* AjaxAgendaApp */,
				1BFD109B18E09B7500AF08A6 /* AjaxAgendaAppTests */,
			);
		};
/* End PBXProject section */

/* Begin PBXResourcesBuildPhase section */
		1BFD107918E09B7500AF08A6 /* Resources */ = {
			isa = PBXResourcesBuildPhase;
			buildActionMask = 2147483647;
			files = (
				1BFD109718E09B7500AF08A6 /* Images.xcassets in Resources */,
				D4BB836818E0AA3200808342 /* background1008.png in Resources */,
				D4BB836C18E0AA5E00808342 /* loginScreen1136.png in Resources */,
				1BFD108918E09B7500AF08A6 /* InfoPlist.strings in Resources */,
				1BFD109218E09B7500AF08A6 /* Main.storyboard in Resources */,
			);
			runOnlyForDeploymentPostprocessing = 0;
		};
		1BFD109A18E09B7500AF08A6 /* Resources */ = {
			isa = PBXResourcesBuildPhase;
			buildActionMask = 2147483647;
			files = (
				1BFD10A818E09B7500AF08A6 /* InfoPlist.strings in Resources */,
			);
			runOnlyForDeploymentPostprocessing = 0;
		};
/* End PBXResourcesBuildPhase section */

/* Begin PBXSourcesBuildPhase section */
		1BFD107718E09B7500AF08A6 /* Sources */ = {
			isa = PBXSourcesBuildPhase;
			buildActionMask = 2147483647;
			files = (
				1BFD108F18E09B7500AF08A6 /* AppDelegate.m in Sources */,
				1BFD108B18E09B7500AF08A6 /* main.m in Sources */,
				D4E75E6C18E425F3009735DB /* TrainingOverzichtViewController.m in Sources */,
				D4349E9918E0B2D5002FF7F5 /* LoginViewController.m in Sources */,
				D4EC762018E2E6C300045E20 /* MenuViewController.m in Sources */,
			);
			runOnlyForDeploymentPostprocessing = 0;
		};
		1BFD109818E09B7500AF08A6 /* Sources */ = {
			isa = PBXSourcesBuildPhase;
			buildActionMask = 2147483647;
			files = (
				1BFD10AA18E09B7500AF08A6 /* AjaxAgendaAppTests.m in Sources */,
			);
			runOnlyForDeploymentPostprocessing = 0;
		};
/* End PBXSourcesBuildPhase section */

/* Begin PBXTargetDependency section */
		1BFD10A218E09B7500AF08A6 /* PBXTargetDependency */ = {
			isa = PBXTargetDependency;
			target = 1BFD107A18E09B7500AF08A6 /* AjaxAgendaApp */;
			targetProxy = 1BFD10A118E09B7500AF08A6 /* PBXContainerItemProxy */;
		};
/* End PBXTargetDependency section */

/* Begin PBXVariantGroup section */
		1BFD108718E09B7500AF08A6 /* InfoPlist.strings */ = {
			isa = PBXVariantGroup;
			children = (
				1BFD108818E09B7500AF08A6 /* en */,
			);
			name = InfoPlist.strings;
			sourceTree = "<group>";
		};
		1BFD109018E09B7500AF08A6 /* Main.storyboard */ = {
			isa = PBXVariantGroup;
			children = (
				1BFD109118E09B7500AF08A6 /* Base */,
			);
			name = Main.storyboard;
			sourceTree = "<group>";
		};
		1BFD10A618E09B7500AF08A6 /* InfoPlist.strings */ = {
			isa = PBXVariantGroup;
			children = (
				1BFD10A718E09B7500AF08A6 /* en */,
			);
			name = InfoPlist.strings;
			sourceTree = "<group>";
		};
/* End PBXVariantGroup section */

/* Begin XCBuildConfiguration section */
		1BFD10AB18E09B7500AF08A6 /* Debug */ = {
			isa = XCBuildConfiguration;
			buildSettings = {
				ALWAYS_SEARCH_USER_PATHS = NO;
				CLANG_CXX_LANGUAGE_STANDARD = "gnu++0x";
				CLANG_CXX_LIBRARY = "libc++";
				CLANG_ENABLE_MODULES = YES;
				CLANG_ENABLE_OBJC_ARC = YES;
				CLANG_WARN_BOOL_CONVERSION = YES;
				CLANG_WARN_CONSTANT_CONVERSION = YES;
				CLANG_WARN_DIRECT_OBJC_ISA_USAGE = YES_ERROR;
				CLANG_WARN_EMPTY_BODY = YES;
				CLANG_WARN_ENUM_CONVERSION = YES;
				CLANG_WARN_INT_CONVERSION = YES;
				CLANG_WARN_OBJC_ROOT_CLASS = YES_ERROR;
				CLANG_WARN__DUPLICATE_METHOD_MATCH = YES;
				"CODE_SIGN_IDENTITY[sdk=iphoneos*]" = "iPhone Developer";
				COPY_PHASE_STRIP = NO;
				GCC_C_LANGUAGE_STANDARD = gnu99;
				GCC_DYNAMIC_NO_PIC = NO;
				GCC_OPTIMIZATION_LEVEL = 0;
				GCC_PREPROCESSOR_DEFINITIONS = (
					"DEBUG=1",
					"$(inherited)",
				);
				GCC_SYMBOLS_PRIVATE_EXTERN = NO;
				GCC_WARN_64_TO_32_BIT_CONVERSION = YES;
				GCC_WARN_ABOUT_RETURN_TYPE = YES_ERROR;
				GCC_WARN_UNDECLARED_SELECTOR = YES;
				GCC_WARN_UNINITIALIZED_AUTOS = YES_AGGRESSIVE;
				GCC_WARN_UNUSED_FUNCTION = YES;
				GCC_WARN_UNUSED_VARIABLE = YES;
				IPHONEOS_DEPLOYMENT_TARGET = 7.1;
				ONLY_ACTIVE_ARCH = YES;
				SDKROOT = iphoneos;
			};
			name = Debug;
		};
		1BFD10AC18E09B7500AF08A6 /* Release */ = {
			isa = XCBuildConfiguration;
			buildSettings = {
				ALWAYS_SEARCH_USER_PATHS = NO;
				CLANG_CXX_LANGUAGE_STANDARD = "gnu++0x";
				CLANG_CXX_LIBRARY = "libc++";
				CLANG_ENABLE_MODULES = YES;
				CLANG_ENABLE_OBJC_ARC = YES;
				CLANG_WARN_BOOL_CONVERSION = YES;
				CLANG_WARN_CONSTANT_CONVERSION = YES;
				CLANG_WARN_DIRECT_OBJC_ISA_USAGE = YES_ERROR;
				CLANG_WARN_EMPTY_BODY = YES;
				CLANG_WARN_ENUM_CONVERSION = YES;
				CLANG_WARN_INT_CONVERSION = YES;
				CLANG_WARN_OBJC_ROOT_CLASS = YES_ERROR;
				CLANG_WARN__DUPLICATE_METHOD_MATCH = YES;
				"CODE_SIGN_IDENTITY[sdk=iphoneos*]" = "iPhone Developer";
				COPY_PHASE_STRIP = YES;
				ENABLE_NS_ASSERTIONS = NO;
				GCC_C_LANGUAGE_STANDARD = gnu99;
				GCC_WARN_64_TO_32_BIT_CONVERSION = YES;
				GCC_WARN_ABOUT_RETURN_TYPE = YES_ERROR;
				GCC_WARN_UNDECLARED_SELECTOR = YES;
				GCC_WARN_UNINITIALIZED_AUTOS = YES_AGGRESSIVE;
				GCC_WARN_UNUSED_FUNCTION = YES;
				GCC_WARN_UNUSED_VARIABLE = YES;
				IPHONEOS_DEPLOYMENT_TARGET = 7.1;
				SDKROOT = iphoneos;
				VALIDATE_PRODUCT = YES;
			};
			name = Release;
		};
		1BFD10AE18E09B7500AF08A6 /* Debug */ = {
			isa = XCBuildConfiguration;
			buildSettings = {
				ASSETCATALOG_COMPILER_APPICON_NAME = AppIcon;
				ASSETCATALOG_COMPILER_LAUNCHIMAGE_NAME = LaunchImage;
				CODE_SIGN_IDENTITY = "iPhone Developer";
				GCC_PRECOMPILE_PREFIX_HEADER = YES;
				GCC_PREFIX_HEADER = "AjaxAgendaApp/AjaxAgendaApp-Prefix.pch";
				INFOPLIST_FILE = "AjaxAgendaApp/AjaxAgendaApp-Info.plist";
				PRODUCT_NAME = "$(TARGET_NAME)";
				WRAPPER_EXTENSION = app;
			};
			name = Debug;
		};
		1BFD10AF18E09B7500AF08A6 /* Release */ = {
			isa = XCBuildConfiguration;
			buildSettings = {
				ASSETCATALOG_COMPILER_APPICON_NAME = AppIcon;
				ASSETCATALOG_COMPILER_LAUNCHIMAGE_NAME = LaunchImage;
				CODE_SIGN_IDENTITY = "iPhone Developer";
				GCC_PRECOMPILE_PREFIX_HEADER = YES;
				GCC_PREFIX_HEADER = "AjaxAgendaApp/AjaxAgendaApp-Prefix.pch";
				INFOPLIST_FILE = "AjaxAgendaApp/AjaxAgendaApp-Info.plist";
				PRODUCT_NAME = "$(TARGET_NAME)";
				WRAPPER_EXTENSION = app;
			};
			name = Release;
		};
		1BFD10B118E09B7500AF08A6 /* Debug */ = {
			isa = XCBuildConfiguration;
			buildSettings = {
				BUNDLE_LOADER = "$(BUILT_PRODUCTS_DIR)/AjaxAgendaApp.app/AjaxAgendaApp";
				FRAMEWORK_SEARCH_PATHS = (
					"$(SDKROOT)/Developer/Library/Frameworks",
					"$(inherited)",
					"$(DEVELOPER_FRAMEWORKS_DIR)",
				);
				GCC_PRECOMPILE_PREFIX_HEADER = YES;
				GCC_PREFIX_HEADER = "AjaxAgendaApp/AjaxAgendaApp-Prefix.pch";
				GCC_PREPROCESSOR_DEFINITIONS = (
					"DEBUG=1",
					"$(inherited)",
				);
				INFOPLIST_FILE = "AjaxAgendaAppTests/AjaxAgendaAppTests-Info.plist";
				PRODUCT_NAME = "$(TARGET_NAME)";
				TEST_HOST = "$(BUNDLE_LOADER)";
				WRAPPER_EXTENSION = xctest;
			};
			name = Debug;
		};
		1BFD10B218E09B7500AF08A6 /* Release */ = {
			isa = XCBuildConfiguration;
			buildSettings = {
				BUNDLE_LOADER = "$(BUILT_PRODUCTS_DIR)/AjaxAgendaApp.app/AjaxAgendaApp";
				FRAMEWORK_SEARCH_PATHS = (
					"$(SDKROOT)/Developer/Library/Frameworks",
					"$(inherited)",
					"$(DEVELOPER_FRAMEWORKS_DIR)",
				);
				GCC_PRECOMPILE_PREFIX_HEADER = YES;
				GCC_PREFIX_HEADER = "AjaxAgendaApp/AjaxAgendaApp-Prefix.pch";
				INFOPLIST_FILE = "AjaxAgendaAppTests/AjaxAgendaAppTests-Info.plist";
				PRODUCT_NAME = "$(TARGET_NAME)";
				TEST_HOST = "$(BUNDLE_LOADER)";
				WRAPPER_EXTENSION = xctest;
			};
			name = Release;
		};
/* End XCBuildConfiguration section */

/* Begin XCConfigurationList section */
		1BFD107618E09B7500AF08A6 /* Build configuration list for PBXProject "AjaxAgendaApp" */ = {
			isa = XCConfigurationList;
			buildConfigurations = (
				1BFD10AB18E09B7500AF08A6 /* Debug */,
				1BFD10AC18E09B7500AF08A6 /* Release */,
			);
			defaultConfigurationIsVisible = 0;
			defaultConfigurationName = Release;
		};
		1BFD10AD18E09B7500AF08A6 /* Build configuration list for PBXNativeTarget "AjaxAgendaApp" */ = {
			isa = XCConfigurationList;
			buildConfigurations = (
				1BFD10AE18E09B7500AF08A6 /* Debug */,
				1BFD10AF18E09B7500AF08A6 /* Release */,
			);
			defaultConfigurationIsVisible = 0;
			defaultConfigurationName = Release;
		};
		1BFD10B018E09B7500AF08A6 /* Build configuration list for PBXNativeTarget "AjaxAgendaAppTests" */ = {
			isa = XCConfigurationList;
			buildConfigurations = (
				1BFD10B118E09B7500AF08A6 /* Debug */,
				1BFD10B218E09B7500AF08A6 /* Release */,
			);
			defaultConfigurationIsVisible = 0;
			defaultConfigurationName = Release;
		};
/* End XCConfigurationList section */
	};
	rootObject = 1BFD107318E09B7500AF08A6 /* Project object */;
}
